// !$*UTF8*$!
{
	archiveVersion = 1;
	classes = {
	};
	objectVersion = 46;
	objects = {

/* Begin PBXBuildFile section */
		182E6F041F866F2F00CA071D /* ActivityCollectionViewCell.swift in Sources */ = {isa = PBXBuildFile; fileRef = 182E6F031F866F2F00CA071D /* ActivityCollectionViewCell.swift */; };
		182E6F061F866F3D00CA071D /* BucketListCollectionViewCell.swift in Sources */ = {isa = PBXBuildFile; fileRef = 182E6F051F866F3D00CA071D /* BucketListCollectionViewCell.swift */; };
		187BD2371F7D79F500FF29D2 /* CustomWayajAnnotationView.swift in Sources */ = {isa = PBXBuildFile; fileRef = 187BD2361F7D79F500FF29D2 /* CustomWayajAnnotationView.swift */; };
		188A0F021F8558DC00673F66 /* EditProfileViewController.swift in Sources */ = {isa = PBXBuildFile; fileRef = 188A0F011F8558DC00673F66 /* EditProfileViewController.swift */; };
		18B3242E1F6C31A6000C995A /* CustomMapPinAnnotation.swift in Sources */ = {isa = PBXBuildFile; fileRef = 18B3242D1F6C31A6000C995A /* CustomMapPinAnnotation.swift */; };
		53039F030A94BA98970F2EB5 /* Pods_WayajTests.framework in Frameworks */ = {isa = PBXBuildFile; fileRef = F78D9CBED3B423E33F173483 /* Pods_WayajTests.framework */; };
		5817D7B11EF18A2C00ACA9E9 /* UtilityFunctions.swift in Sources */ = {isa = PBXBuildFile; fileRef = 5817D7B01EF18A2C00ACA9E9 /* UtilityFunctions.swift */; };
		5817D7B31EF18A4400ACA9E9 /* FacebookIdentityProfile.swift in Sources */ = {isa = PBXBuildFile; fileRef = 5817D7B21EF18A4400ACA9E9 /* FacebookIdentityProfile.swift */; };
		5817D7BA1EF18C4E00ACA9E9 /* FBSDKCoreKit.framework in Frameworks */ = {isa = PBXBuildFile; fileRef = 5817D7B81EF18C4E00ACA9E9 /* FBSDKCoreKit.framework */; };
		5817D7BB1EF18C4E00ACA9E9 /* FBSDKLoginKit.framework in Frameworks */ = {isa = PBXBuildFile; fileRef = 5817D7B91EF18C4E00ACA9E9 /* FBSDKLoginKit.framework */; };
		5817D7BE1EF18CDE00ACA9E9 /* ImagePickerController.swift in Sources */ = {isa = PBXBuildFile; fileRef = 5817D7BC1EF18CDE00ACA9E9 /* ImagePickerController.swift */; };
		5817D7BF1EF18CDE00ACA9E9 /* ImageRow.swift in Sources */ = {isa = PBXBuildFile; fileRef = 5817D7BD1EF18CDE00ACA9E9 /* ImageRow.swift */; };
		5817D7C11EF18CF900ACA9E9 /* FloatLabelTextField.swift in Sources */ = {isa = PBXBuildFile; fileRef = 5817D7C01EF18CF900ACA9E9 /* FloatLabelTextField.swift */; };
		5817D7C31EF18D1000ACA9E9 /* CustomCells.swift in Sources */ = {isa = PBXBuildFile; fileRef = 5817D7C21EF18D1000ACA9E9 /* CustomCells.swift */; };
		5817D7C51EF18D1B00ACA9E9 /* EurekaSectionHeader.xib in Resources */ = {isa = PBXBuildFile; fileRef = 5817D7C41EF18D1B00ACA9E9 /* EurekaSectionHeader.xib */; };
		5848A9821F0A866B0021C92F /* AACarousel.swift in Sources */ = {isa = PBXBuildFile; fileRef = 5848A9811F0A866B0021C92F /* AACarousel.swift */; };
		58608F2F1EE0747800A0FDF3 /* QuestionaireViewController.swift in Sources */ = {isa = PBXBuildFile; fileRef = 58608F2E1EE0747800A0FDF3 /* QuestionaireViewController.swift */; };
		58608F971EE86DC800A0FDF3 /* Theme.swift in Sources */ = {isa = PBXBuildFile; fileRef = 58608F951EE86DC800A0FDF3 /* Theme.swift */; };
		58608F981EE86DC800A0FDF3 /* Utility.swift in Sources */ = {isa = PBXBuildFile; fileRef = 58608F961EE86DC800A0FDF3 /* Utility.swift */; };
		58608F9B1EE86DCF00A0FDF3 /* UIColor.swift in Sources */ = {isa = PBXBuildFile; fileRef = 58608F991EE86DCF00A0FDF3 /* UIColor.swift */; };
		58608F9C1EE86DCF00A0FDF3 /* Date.swift in Sources */ = {isa = PBXBuildFile; fileRef = 58608F9A1EE86DCF00A0FDF3 /* Date.swift */; };
		58608FAA1EE875D100A0FDF3 /* UIImage.swift in Sources */ = {isa = PBXBuildFile; fileRef = 58608FA91EE875D100A0FDF3 /* UIImage.swift */; };
		5862665E1EC9F1DF006FC7BD /* Images.swift in Sources */ = {isa = PBXBuildFile; fileRef = 5862665D1EC9F1DF006FC7BD /* Images.swift */; };
		586266601ECDECD3006FC7BD /* TripAdvisorWebViewController.swift in Sources */ = {isa = PBXBuildFile; fileRef = 5862665F1ECDECD3006FC7BD /* TripAdvisorWebViewController.swift */; };
		58646ACA1EC0C3E5000BAC36 /* ProfileViewController.swift in Sources */ = {isa = PBXBuildFile; fileRef = 58646AC91EC0C3E5000BAC36 /* ProfileViewController.swift */; };
		586BAD991EC1FFF700D792A8 /* Wayaj.xcdatamodeld in Sources */ = {isa = PBXBuildFile; fileRef = 586BAD971EC1FFF700D792A8 /* Wayaj.xcdatamodeld */; };
		586BAD9C1EC200EF00D792A8 /* SavedViewController.swift in Sources */ = {isa = PBXBuildFile; fileRef = 586BAD9B1EC200EF00D792A8 /* SavedViewController.swift */; };
		588921F51EB78838005E5606 /* AppDelegate.swift in Sources */ = {isa = PBXBuildFile; fileRef = 588921F41EB78838005E5606 /* AppDelegate.swift */; };
		588921F71EB78838005E5606 /* ViewController.swift in Sources */ = {isa = PBXBuildFile; fileRef = 588921F61EB78838005E5606 /* ViewController.swift */; };
		588921FA1EB78838005E5606 /* Main.storyboard in Resources */ = {isa = PBXBuildFile; fileRef = 588921F81EB78838005E5606 /* Main.storyboard */; };
		588921FC1EB78838005E5606 /* Assets.xcassets in Resources */ = {isa = PBXBuildFile; fileRef = 588921FB1EB78838005E5606 /* Assets.xcassets */; };
		588921FF1EB78838005E5606 /* LaunchScreen.storyboard in Resources */ = {isa = PBXBuildFile; fileRef = 588921FD1EB78838005E5606 /* LaunchScreen.storyboard */; };
		5889220A1EB78838005E5606 /* WayajTests.swift in Sources */ = {isa = PBXBuildFile; fileRef = 588922091EB78838005E5606 /* WayajTests.swift */; };
		588922151EB78838005E5606 /* WayajUITests.swift in Sources */ = {isa = PBXBuildFile; fileRef = 588922141EB78838005E5606 /* WayajUITests.swift */; };
		58910CD31EF2C09B0049E477 /* AWSFacebookSignIn.framework in Frameworks */ = {isa = PBXBuildFile; fileRef = 58910CD01EF2C09B0049E477 /* AWSFacebookSignIn.framework */; };
		58910CD41EF2C09B0049E477 /* AWSFacebookSignInResources.bundle in Resources */ = {isa = PBXBuildFile; fileRef = 58910CD11EF2C09B0049E477 /* AWSFacebookSignInResources.bundle */; };
		58910CD51EF2C09B0049E477 /* AWSMobileHubHelper.framework in Frameworks */ = {isa = PBXBuildFile; fileRef = 58910CD21EF2C09B0049E477 /* AWSMobileHubHelper.framework */; };
		58910CD71EF2C15D0049E477 /* libz.tbd in Frameworks */ = {isa = PBXBuildFile; fileRef = 58910CD61EF2C15D0049E477 /* libz.tbd */; };
		58910CD91EF2C1700049E477 /* libsqlite3.tbd in Frameworks */ = {isa = PBXBuildFile; fileRef = 58910CD81EF2C1700049E477 /* libsqlite3.tbd */; };
		58910CDC1EF2C5760049E477 /* AWSMobileClient.swift in Sources */ = {isa = PBXBuildFile; fileRef = 58910CDB1EF2C5760049E477 /* AWSMobileClient.swift */; };
		58A050111EFC50130050F718 /* CRNotificationsMedia.xcassets in Resources */ = {isa = PBXBuildFile; fileRef = 58A0500D1EFC50130050F718 /* CRNotificationsMedia.xcassets */; };
		58A050121EFC50130050F718 /* Colors.swift in Sources */ = {isa = PBXBuildFile; fileRef = 58A0500E1EFC50130050F718 /* Colors.swift */; };
		58A050131EFC50130050F718 /* CRNotification.swift in Sources */ = {isa = PBXBuildFile; fileRef = 58A0500F1EFC50130050F718 /* CRNotification.swift */; };
		58A050141EFC50130050F718 /* CRNotifications.swift in Sources */ = {isa = PBXBuildFile; fileRef = 58A050101EFC50130050F718 /* CRNotifications.swift */; };
		58C03D9F1EF866E30038E9B5 /* MainTabViewController.swift in Sources */ = {isa = PBXBuildFile; fileRef = 58C03D9E1EF866E30038E9B5 /* MainTabViewController.swift */; };
		840767941EBA636800238327 /* ExploreViewController.swift in Sources */ = {isa = PBXBuildFile; fileRef = 840767931EBA636800238327 /* ExploreViewController.swift */; };
		840767971EBA654A00238327 /* OfferTableViewCell.swift in Sources */ = {isa = PBXBuildFile; fileRef = 840767961EBA654A00238327 /* OfferTableViewCell.swift */; };
		8419CD871ECA26F300A15B1B /* Nunito-Bold.ttf in Resources */ = {isa = PBXBuildFile; fileRef = 8419CD831ECA26F300A15B1B /* Nunito-Bold.ttf */; };
		8419CD881ECA26F300A15B1B /* Nunito-Light.ttf in Resources */ = {isa = PBXBuildFile; fileRef = 8419CD841ECA26F300A15B1B /* Nunito-Light.ttf */; };
		8419CD891ECA26F300A15B1B /* Nunito-Regular.ttf in Resources */ = {isa = PBXBuildFile; fileRef = 8419CD851ECA26F300A15B1B /* Nunito-Regular.ttf */; };
		8419CD8A1ECA26F300A15B1B /* OpenSans-Regular.ttf in Resources */ = {isa = PBXBuildFile; fileRef = 8419CD861ECA26F300A15B1B /* OpenSans-Regular.ttf */; };
		841C07C21F4F422900E17958 /* RatingScoreTableViewCell.swift in Sources */ = {isa = PBXBuildFile; fileRef = 841C07C11F4F422900E17958 /* RatingScoreTableViewCell.swift */; };
		842074701F4729B100980800 /* User.swift in Sources */ = {isa = PBXBuildFile; fileRef = 8420746F1F4729B100980800 /* User.swift */; };
		842074721F47307600980800 /* Listing.swift in Sources */ = {isa = PBXBuildFile; fileRef = 842074711F47307600980800 /* Listing.swift */; };
		842074741F4ABD1400980800 /* OfferDetailViewController.swift in Sources */ = {isa = PBXBuildFile; fileRef = 842074731F4ABD1400980800 /* OfferDetailViewController.swift */; };
		843073561F744584007D6A70 /* ViewController+Onboarding.swift in Sources */ = {isa = PBXBuildFile; fileRef = 843073551F744584007D6A70 /* ViewController+Onboarding.swift */; };
		843073581F74467A007D6A70 /* ViewController+SignIn.swift in Sources */ = {isa = PBXBuildFile; fileRef = 843073571F74467A007D6A70 /* ViewController+SignIn.swift */; };
		84A776991EBB721E00FF709F /* OfferPageViewController.swift in Sources */ = {isa = PBXBuildFile; fileRef = 84A776981EBB721E00FF709F /* OfferPageViewController.swift */; };
		D61D87EEA2544470C87A67C7 /* Pods_Wayaj.framework in Frameworks */ = {isa = PBXBuildFile; fileRef = C5ED3D4F5FC1D0C9B5694EA8 /* Pods_Wayaj.framework */; };
		DAB75F14E7D8686795B0F559 /* Pods_WayajUITests.framework in Frameworks */ = {isa = PBXBuildFile; fileRef = 1E5DAE30669AEE9FA4747F14 /* Pods_WayajUITests.framework */; };
/* End PBXBuildFile section */

/* Begin PBXContainerItemProxy section */
		588922061EB78838005E5606 /* PBXContainerItemProxy */ = {
			isa = PBXContainerItemProxy;
			containerPortal = 588921E91EB78837005E5606 /* Project object */;
			proxyType = 1;
			remoteGlobalIDString = 588921F01EB78837005E5606;
			remoteInfo = Wayaj;
		};
		588922111EB78838005E5606 /* PBXContainerItemProxy */ = {
			isa = PBXContainerItemProxy;
			containerPortal = 588921E91EB78837005E5606 /* Project object */;
			proxyType = 1;
			remoteGlobalIDString = 588921F01EB78837005E5606;
			remoteInfo = Wayaj;
		};
/* End PBXContainerItemProxy section */

/* Begin PBXCopyFilesBuildPhase section */
		58608F2A1EDDDFB600A0FDF3 /* Embed App Extensions */ = {
			isa = PBXCopyFilesBuildPhase;
			buildActionMask = 2147483647;
			dstPath = "";
			dstSubfolderSpec = 13;
			files = (
			);
			name = "Embed App Extensions";
			runOnlyForDeploymentPostprocessing = 0;
		};
/* End PBXCopyFilesBuildPhase section */

/* Begin PBXFileReference section */
		0A488D9653E00D368A7CD102 /* Pods-WayajUITests.release.xcconfig */ = {isa = PBXFileReference; includeInIndex = 1; lastKnownFileType = text.xcconfig; name = "Pods-WayajUITests.release.xcconfig"; path = "Pods/Target Support Files/Pods-WayajUITests/Pods-WayajUITests.release.xcconfig"; sourceTree = "<group>"; };
		182E6F031F866F2F00CA071D /* ActivityCollectionViewCell.swift */ = {isa = PBXFileReference; lastKnownFileType = sourcecode.swift; path = ActivityCollectionViewCell.swift; sourceTree = "<group>"; };
		182E6F051F866F3D00CA071D /* BucketListCollectionViewCell.swift */ = {isa = PBXFileReference; lastKnownFileType = sourcecode.swift; path = BucketListCollectionViewCell.swift; sourceTree = "<group>"; };
		182E6F071F87D37300CA071D /* UICollectionViewLeftAlignedLayoutBridgingHeader.h */ = {isa = PBXFileReference; lastKnownFileType = sourcecode.c.h; path = UICollectionViewLeftAlignedLayoutBridgingHeader.h; sourceTree = "<group>"; };
		187BD2361F7D79F500FF29D2 /* CustomWayajAnnotationView.swift */ = {isa = PBXFileReference; lastKnownFileType = sourcecode.swift; path = CustomWayajAnnotationView.swift; sourceTree = "<group>"; };
		188A0F011F8558DC00673F66 /* EditProfileViewController.swift */ = {isa = PBXFileReference; lastKnownFileType = sourcecode.swift; path = EditProfileViewController.swift; sourceTree = "<group>"; };
		188A0F031F85796E00673F66 /* CLTokenInputBridgingHeader.h */ = {isa = PBXFileReference; lastKnownFileType = sourcecode.c.h; path = CLTokenInputBridgingHeader.h; sourceTree = "<group>"; };
		18B3242D1F6C31A6000C995A /* CustomMapPinAnnotation.swift */ = {isa = PBXFileReference; fileEncoding = 4; lastKnownFileType = sourcecode.swift; path = CustomMapPinAnnotation.swift; sourceTree = "<group>"; };
		1E5DAE30669AEE9FA4747F14 /* Pods_WayajUITests.framework */ = {isa = PBXFileReference; explicitFileType = wrapper.framework; includeInIndex = 0; path = Pods_WayajUITests.framework; sourceTree = BUILT_PRODUCTS_DIR; };
		338E94323D7DEC58DAEC8DFA /* Pods-WayajTests.release.xcconfig */ = {isa = PBXFileReference; includeInIndex = 1; lastKnownFileType = text.xcconfig; name = "Pods-WayajTests.release.xcconfig"; path = "Pods/Target Support Files/Pods-WayajTests/Pods-WayajTests.release.xcconfig"; sourceTree = "<group>"; };
		34A207E42F3314F1E12A8D4A /* Pods-WayajTests.debug.xcconfig */ = {isa = PBXFileReference; includeInIndex = 1; lastKnownFileType = text.xcconfig; name = "Pods-WayajTests.debug.xcconfig"; path = "Pods/Target Support Files/Pods-WayajTests/Pods-WayajTests.debug.xcconfig"; sourceTree = "<group>"; };
		3C5B5F6364397A5EC12CE2C2 /* Pods-Wayaj.debug.xcconfig */ = {isa = PBXFileReference; includeInIndex = 1; lastKnownFileType = text.xcconfig; name = "Pods-Wayaj.debug.xcconfig"; path = "Pods/Target Support Files/Pods-Wayaj/Pods-Wayaj.debug.xcconfig"; sourceTree = "<group>"; };
		5817D7B01EF18A2C00ACA9E9 /* UtilityFunctions.swift */ = {isa = PBXFileReference; fileEncoding = 4; lastKnownFileType = sourcecode.swift; path = UtilityFunctions.swift; sourceTree = "<group>"; };
		5817D7B21EF18A4400ACA9E9 /* FacebookIdentityProfile.swift */ = {isa = PBXFileReference; fileEncoding = 4; lastKnownFileType = sourcecode.swift; path = FacebookIdentityProfile.swift; sourceTree = "<group>"; };
		5817D7B81EF18C4E00ACA9E9 /* FBSDKCoreKit.framework */ = {isa = PBXFileReference; lastKnownFileType = wrapper.framework; path = FBSDKCoreKit.framework; sourceTree = "<group>"; };
		5817D7B91EF18C4E00ACA9E9 /* FBSDKLoginKit.framework */ = {isa = PBXFileReference; lastKnownFileType = wrapper.framework; path = FBSDKLoginKit.framework; sourceTree = "<group>"; };
		5817D7BC1EF18CDE00ACA9E9 /* ImagePickerController.swift */ = {isa = PBXFileReference; fileEncoding = 4; lastKnownFileType = sourcecode.swift; path = ImagePickerController.swift; sourceTree = "<group>"; };
		5817D7BD1EF18CDE00ACA9E9 /* ImageRow.swift */ = {isa = PBXFileReference; fileEncoding = 4; lastKnownFileType = sourcecode.swift; path = ImageRow.swift; sourceTree = "<group>"; };
		5817D7C01EF18CF900ACA9E9 /* FloatLabelTextField.swift */ = {isa = PBXFileReference; fileEncoding = 4; lastKnownFileType = sourcecode.swift; path = FloatLabelTextField.swift; sourceTree = "<group>"; };
		5817D7C21EF18D1000ACA9E9 /* CustomCells.swift */ = {isa = PBXFileReference; fileEncoding = 4; lastKnownFileType = sourcecode.swift; path = CustomCells.swift; sourceTree = "<group>"; };
		5817D7C41EF18D1B00ACA9E9 /* EurekaSectionHeader.xib */ = {isa = PBXFileReference; fileEncoding = 4; lastKnownFileType = file.xib; path = EurekaSectionHeader.xib; sourceTree = "<group>"; };
		5848A9811F0A866B0021C92F /* AACarousel.swift */ = {isa = PBXFileReference; fileEncoding = 4; lastKnownFileType = sourcecode.swift; path = AACarousel.swift; sourceTree = "<group>"; };
		58608F2C1EDDF05000A0FDF3 /* Wayaj.entitlements */ = {isa = PBXFileReference; lastKnownFileType = text.plist.entitlements; path = Wayaj.entitlements; sourceTree = "<group>"; };
		58608F2E1EE0747800A0FDF3 /* QuestionaireViewController.swift */ = {isa = PBXFileReference; fileEncoding = 4; lastKnownFileType = sourcecode.swift; path = QuestionaireViewController.swift; sourceTree = "<group>"; };
		58608F5C1EE0769400A0FDF3 /* Base */ = {isa = PBXFileReference; lastKnownFileType = file.xib; name = Base; path = Example/Base.lproj/WeekDaysCell.xib; sourceTree = "<group>"; };
		58608F951EE86DC800A0FDF3 /* Theme.swift */ = {isa = PBXFileReference; fileEncoding = 4; lastKnownFileType = sourcecode.swift; path = Theme.swift; sourceTree = "<group>"; };
		58608F961EE86DC800A0FDF3 /* Utility.swift */ = {isa = PBXFileReference; fileEncoding = 4; lastKnownFileType = sourcecode.swift; path = Utility.swift; sourceTree = "<group>"; };
		58608F991EE86DCF00A0FDF3 /* UIColor.swift */ = {isa = PBXFileReference; fileEncoding = 4; lastKnownFileType = sourcecode.swift; path = UIColor.swift; sourceTree = "<group>"; };
		58608F9A1EE86DCF00A0FDF3 /* Date.swift */ = {isa = PBXFileReference; fileEncoding = 4; lastKnownFileType = sourcecode.swift; path = Date.swift; sourceTree = "<group>"; };
		58608FA91EE875D100A0FDF3 /* UIImage.swift */ = {isa = PBXFileReference; fileEncoding = 4; lastKnownFileType = sourcecode.swift; path = UIImage.swift; sourceTree = "<group>"; };
		5862665D1EC9F1DF006FC7BD /* Images.swift */ = {isa = PBXFileReference; fileEncoding = 4; lastKnownFileType = sourcecode.swift; path = Images.swift; sourceTree = "<group>"; };
		5862665F1ECDECD3006FC7BD /* TripAdvisorWebViewController.swift */ = {isa = PBXFileReference; fileEncoding = 4; lastKnownFileType = sourcecode.swift; path = TripAdvisorWebViewController.swift; sourceTree = "<group>"; };
		58646AC91EC0C3E5000BAC36 /* ProfileViewController.swift */ = {isa = PBXFileReference; fileEncoding = 4; lastKnownFileType = sourcecode.swift; path = ProfileViewController.swift; sourceTree = "<group>"; };
		586BAD981EC1FFF700D792A8 /* Wayaj.xcdatamodel */ = {isa = PBXFileReference; lastKnownFileType = wrapper.xcdatamodel; path = Wayaj.xcdatamodel; sourceTree = "<group>"; };
		586BAD9B1EC200EF00D792A8 /* SavedViewController.swift */ = {isa = PBXFileReference; fileEncoding = 4; lastKnownFileType = sourcecode.swift; path = SavedViewController.swift; sourceTree = "<group>"; };
		588921F11EB78838005E5606 /* Wayaj.app */ = {isa = PBXFileReference; explicitFileType = wrapper.application; includeInIndex = 0; path = Wayaj.app; sourceTree = BUILT_PRODUCTS_DIR; };
		588921F41EB78838005E5606 /* AppDelegate.swift */ = {isa = PBXFileReference; lastKnownFileType = sourcecode.swift; path = AppDelegate.swift; sourceTree = "<group>"; };
		588921F61EB78838005E5606 /* ViewController.swift */ = {isa = PBXFileReference; lastKnownFileType = sourcecode.swift; path = ViewController.swift; sourceTree = "<group>"; };
		588921F91EB78838005E5606 /* Base */ = {isa = PBXFileReference; lastKnownFileType = file.storyboard; name = Base; path = Base.lproj/Main.storyboard; sourceTree = "<group>"; };
		588921FB1EB78838005E5606 /* Assets.xcassets */ = {isa = PBXFileReference; lastKnownFileType = folder.assetcatalog; path = Assets.xcassets; sourceTree = "<group>"; };
		588921FE1EB78838005E5606 /* Base */ = {isa = PBXFileReference; lastKnownFileType = file.storyboard; name = Base; path = Base.lproj/LaunchScreen.storyboard; sourceTree = "<group>"; };
		588922001EB78838005E5606 /* Info.plist */ = {isa = PBXFileReference; lastKnownFileType = text.plist.xml; path = Info.plist; sourceTree = "<group>"; };
		588922051EB78838005E5606 /* WayajTests.xctest */ = {isa = PBXFileReference; explicitFileType = wrapper.cfbundle; includeInIndex = 0; path = WayajTests.xctest; sourceTree = BUILT_PRODUCTS_DIR; };
		588922091EB78838005E5606 /* WayajTests.swift */ = {isa = PBXFileReference; lastKnownFileType = sourcecode.swift; path = WayajTests.swift; sourceTree = "<group>"; };
		5889220B1EB78838005E5606 /* Info.plist */ = {isa = PBXFileReference; lastKnownFileType = text.plist.xml; path = Info.plist; sourceTree = "<group>"; };
		588922101EB78838005E5606 /* WayajUITests.xctest */ = {isa = PBXFileReference; explicitFileType = wrapper.cfbundle; includeInIndex = 0; path = WayajUITests.xctest; sourceTree = BUILT_PRODUCTS_DIR; };
		588922141EB78838005E5606 /* WayajUITests.swift */ = {isa = PBXFileReference; lastKnownFileType = sourcecode.swift; path = WayajUITests.swift; sourceTree = "<group>"; };
		588922161EB78838005E5606 /* Info.plist */ = {isa = PBXFileReference; lastKnownFileType = text.plist.xml; path = Info.plist; sourceTree = "<group>"; };
		58910CD01EF2C09B0049E477 /* AWSFacebookSignIn.framework */ = {isa = PBXFileReference; lastKnownFileType = wrapper.framework; path = AWSFacebookSignIn.framework; sourceTree = "<group>"; };
		58910CD11EF2C09B0049E477 /* AWSFacebookSignInResources.bundle */ = {isa = PBXFileReference; lastKnownFileType = "wrapper.plug-in"; path = AWSFacebookSignInResources.bundle; sourceTree = "<group>"; };
		58910CD21EF2C09B0049E477 /* AWSMobileHubHelper.framework */ = {isa = PBXFileReference; lastKnownFileType = wrapper.framework; path = AWSMobileHubHelper.framework; sourceTree = "<group>"; };
		58910CD61EF2C15D0049E477 /* libz.tbd */ = {isa = PBXFileReference; lastKnownFileType = "sourcecode.text-based-dylib-definition"; name = libz.tbd; path = usr/lib/libz.tbd; sourceTree = SDKROOT; };
		58910CD81EF2C1700049E477 /* libsqlite3.tbd */ = {isa = PBXFileReference; lastKnownFileType = "sourcecode.text-based-dylib-definition"; name = libsqlite3.tbd; path = usr/lib/libsqlite3.tbd; sourceTree = SDKROOT; };
		58910CDB1EF2C5760049E477 /* AWSMobileClient.swift */ = {isa = PBXFileReference; fileEncoding = 4; lastKnownFileType = sourcecode.swift; path = AWSMobileClient.swift; sourceTree = "<group>"; };
		58A0500D1EFC50130050F718 /* CRNotificationsMedia.xcassets */ = {isa = PBXFileReference; lastKnownFileType = folder.assetcatalog; path = CRNotificationsMedia.xcassets; sourceTree = "<group>"; };
		58A0500E1EFC50130050F718 /* Colors.swift */ = {isa = PBXFileReference; fileEncoding = 4; lastKnownFileType = sourcecode.swift; path = Colors.swift; sourceTree = "<group>"; };
		58A0500F1EFC50130050F718 /* CRNotification.swift */ = {isa = PBXFileReference; fileEncoding = 4; lastKnownFileType = sourcecode.swift; path = CRNotification.swift; sourceTree = "<group>"; };
		58A050101EFC50130050F718 /* CRNotifications.swift */ = {isa = PBXFileReference; fileEncoding = 4; lastKnownFileType = sourcecode.swift; path = CRNotifications.swift; sourceTree = "<group>"; };
		58C03D9E1EF866E30038E9B5 /* MainTabViewController.swift */ = {isa = PBXFileReference; fileEncoding = 4; lastKnownFileType = sourcecode.swift; path = MainTabViewController.swift; sourceTree = "<group>"; };
		5A62239920C4064918F1F749 /* Pods-Wayaj.release.xcconfig */ = {isa = PBXFileReference; includeInIndex = 1; lastKnownFileType = text.xcconfig; name = "Pods-Wayaj.release.xcconfig"; path = "Pods/Target Support Files/Pods-Wayaj/Pods-Wayaj.release.xcconfig"; sourceTree = "<group>"; };
		840767931EBA636800238327 /* ExploreViewController.swift */ = {isa = PBXFileReference; fileEncoding = 4; lastKnownFileType = sourcecode.swift; path = ExploreViewController.swift; sourceTree = "<group>"; };
		840767961EBA654A00238327 /* OfferTableViewCell.swift */ = {isa = PBXFileReference; fileEncoding = 4; lastKnownFileType = sourcecode.swift; path = OfferTableViewCell.swift; sourceTree = "<group>"; };
		8419CD831ECA26F300A15B1B /* Nunito-Bold.ttf */ = {isa = PBXFileReference; lastKnownFileType = file; path = "Nunito-Bold.ttf"; sourceTree = "<group>"; };
		8419CD841ECA26F300A15B1B /* Nunito-Light.ttf */ = {isa = PBXFileReference; lastKnownFileType = file; path = "Nunito-Light.ttf"; sourceTree = "<group>"; };
		8419CD851ECA26F300A15B1B /* Nunito-Regular.ttf */ = {isa = PBXFileReference; lastKnownFileType = file; path = "Nunito-Regular.ttf"; sourceTree = "<group>"; };
		8419CD861ECA26F300A15B1B /* OpenSans-Regular.ttf */ = {isa = PBXFileReference; lastKnownFileType = file; path = "OpenSans-Regular.ttf"; sourceTree = "<group>"; };
		841C07C11F4F422900E17958 /* RatingScoreTableViewCell.swift */ = {isa = PBXFileReference; fileEncoding = 4; lastKnownFileType = sourcecode.swift; path = RatingScoreTableViewCell.swift; sourceTree = "<group>"; };
		841FF4411F40FEB00003A37F /* Realm.framework */ = {isa = PBXFileReference; lastKnownFileType = wrapper.framework; path = Realm.framework; sourceTree = "<group>"; };
		841FF4421F40FEB00003A37F /* RealmSwift.framework */ = {isa = PBXFileReference; lastKnownFileType = wrapper.framework; path = RealmSwift.framework; sourceTree = "<group>"; };
		8420746F1F4729B100980800 /* User.swift */ = {isa = PBXFileReference; fileEncoding = 4; lastKnownFileType = sourcecode.swift; path = User.swift; sourceTree = "<group>"; };
		842074711F47307600980800 /* Listing.swift */ = {isa = PBXFileReference; fileEncoding = 4; lastKnownFileType = sourcecode.swift; path = Listing.swift; sourceTree = "<group>"; };
		842074731F4ABD1400980800 /* OfferDetailViewController.swift */ = {isa = PBXFileReference; fileEncoding = 4; lastKnownFileType = sourcecode.swift; path = OfferDetailViewController.swift; sourceTree = "<group>"; };
		843073551F744584007D6A70 /* ViewController+Onboarding.swift */ = {isa = PBXFileReference; lastKnownFileType = sourcecode.swift; path = "ViewController+Onboarding.swift"; sourceTree = "<group>"; };
		843073571F74467A007D6A70 /* ViewController+SignIn.swift */ = {isa = PBXFileReference; lastKnownFileType = sourcecode.swift; path = "ViewController+SignIn.swift"; sourceTree = "<group>"; };
		84A776981EBB721E00FF709F /* OfferPageViewController.swift */ = {isa = PBXFileReference; fileEncoding = 4; lastKnownFileType = sourcecode.swift; path = OfferPageViewController.swift; sourceTree = "<group>"; };
		C5ED3D4F5FC1D0C9B5694EA8 /* Pods_Wayaj.framework */ = {isa = PBXFileReference; explicitFileType = wrapper.framework; includeInIndex = 0; path = Pods_Wayaj.framework; sourceTree = BUILT_PRODUCTS_DIR; };
		F04369AC06CC9B3D3740B82B /* Pods_Wayaj_OneSignalNotificationServiceExtension.framework */ = {isa = PBXFileReference; explicitFileType = wrapper.framework; includeInIndex = 0; path = Pods_Wayaj_OneSignalNotificationServiceExtension.framework; sourceTree = BUILT_PRODUCTS_DIR; };
		F31F31DEE0A422383AD2EB6F /* Pods-WayajUITests.debug.xcconfig */ = {isa = PBXFileReference; includeInIndex = 1; lastKnownFileType = text.xcconfig; name = "Pods-WayajUITests.debug.xcconfig"; path = "Pods/Target Support Files/Pods-WayajUITests/Pods-WayajUITests.debug.xcconfig"; sourceTree = "<group>"; };
		F78D9CBED3B423E33F173483 /* Pods_WayajTests.framework */ = {isa = PBXFileReference; explicitFileType = wrapper.framework; includeInIndex = 0; path = Pods_WayajTests.framework; sourceTree = BUILT_PRODUCTS_DIR; };
/* End PBXFileReference section */

/* Begin PBXFrameworksBuildPhase section */
		588921EE1EB78837005E5606 /* Frameworks */ = {
			isa = PBXFrameworksBuildPhase;
			buildActionMask = 2147483647;
			files = (
				58910CD91EF2C1700049E477 /* libsqlite3.tbd in Frameworks */,
				58910CD71EF2C15D0049E477 /* libz.tbd in Frameworks */,
				58910CD51EF2C09B0049E477 /* AWSMobileHubHelper.framework in Frameworks */,
				58910CD31EF2C09B0049E477 /* AWSFacebookSignIn.framework in Frameworks */,
				5817D7BA1EF18C4E00ACA9E9 /* FBSDKCoreKit.framework in Frameworks */,
				5817D7BB1EF18C4E00ACA9E9 /* FBSDKLoginKit.framework in Frameworks */,
				D61D87EEA2544470C87A67C7 /* Pods_Wayaj.framework in Frameworks */,
			);
			runOnlyForDeploymentPostprocessing = 0;
		};
		588922021EB78838005E5606 /* Frameworks */ = {
			isa = PBXFrameworksBuildPhase;
			buildActionMask = 2147483647;
			files = (
				53039F030A94BA98970F2EB5 /* Pods_WayajTests.framework in Frameworks */,
			);
			runOnlyForDeploymentPostprocessing = 0;
		};
		5889220D1EB78838005E5606 /* Frameworks */ = {
			isa = PBXFrameworksBuildPhase;
			buildActionMask = 2147483647;
			files = (
				DAB75F14E7D8686795B0F559 /* Pods_WayajUITests.framework in Frameworks */,
			);
			runOnlyForDeploymentPostprocessing = 0;
		};
/* End PBXFrameworksBuildPhase section */

/* Begin PBXGroup section */
		03CA45065C1539821AED6927 /* Pods */ = {
			isa = PBXGroup;
			children = (
				3C5B5F6364397A5EC12CE2C2 /* Pods-Wayaj.debug.xcconfig */,
				5A62239920C4064918F1F749 /* Pods-Wayaj.release.xcconfig */,
				34A207E42F3314F1E12A8D4A /* Pods-WayajTests.debug.xcconfig */,
				338E94323D7DEC58DAEC8DFA /* Pods-WayajTests.release.xcconfig */,
				F31F31DEE0A422383AD2EB6F /* Pods-WayajUITests.debug.xcconfig */,
				0A488D9653E00D368A7CD102 /* Pods-WayajUITests.release.xcconfig */,
			);
			name = Pods;
			sourceTree = "<group>";
		};
		4D1BDFF88D1AB0F001C889BD /* Frameworks */ = {
			isa = PBXGroup;
			children = (
				841FF4411F40FEB00003A37F /* Realm.framework */,
				841FF4421F40FEB00003A37F /* RealmSwift.framework */,
				58910CD81EF2C1700049E477 /* libsqlite3.tbd */,
				58910CD61EF2C15D0049E477 /* libz.tbd */,
				58910CD01EF2C09B0049E477 /* AWSFacebookSignIn.framework */,
				58910CD11EF2C09B0049E477 /* AWSFacebookSignInResources.bundle */,
				58910CD21EF2C09B0049E477 /* AWSMobileHubHelper.framework */,
				5817D7B81EF18C4E00ACA9E9 /* FBSDKCoreKit.framework */,
				5817D7B91EF18C4E00ACA9E9 /* FBSDKLoginKit.framework */,
				C5ED3D4F5FC1D0C9B5694EA8 /* Pods_Wayaj.framework */,
				F78D9CBED3B423E33F173483 /* Pods_WayajTests.framework */,
				1E5DAE30669AEE9FA4747F14 /* Pods_WayajUITests.framework */,
				F04369AC06CC9B3D3740B82B /* Pods_Wayaj_OneSignalNotificationServiceExtension.framework */,
			);
			name = Frameworks;
			sourceTree = "<group>";
		};
		5817D7AF1EF18A2400ACA9E9 /* AWS */ = {
			isa = PBXGroup;
			children = (
				58910CDB1EF2C5760049E477 /* AWSMobileClient.swift */,
				5817D7B21EF18A4400ACA9E9 /* FacebookIdentityProfile.swift */,
				5817D7B01EF18A2C00ACA9E9 /* UtilityFunctions.swift */,
			);
			name = AWS;
			sourceTree = "<group>";
		};
		58608F2D1EE0746700A0FDF3 /* Questionaire */ = {
			isa = PBXGroup;
			children = (
				58608F581EE075B700A0FDF3 /* Eureka */,
				58608F2E1EE0747800A0FDF3 /* QuestionaireViewController.swift */,
			);
			name = Questionaire;
			sourceTree = "<group>";
		};
		58608F581EE075B700A0FDF3 /* Eureka */ = {
			isa = PBXGroup;
			children = (
				5817D7C01EF18CF900ACA9E9 /* FloatLabelTextField.swift */,
				5817D7BC1EF18CDE00ACA9E9 /* ImagePickerController.swift */,
				5817D7BD1EF18CDE00ACA9E9 /* ImageRow.swift */,
				58608F5D1EE0769400A0FDF3 /* WeekDaysCell.xib */,
				5817D7C21EF18D1000ACA9E9 /* CustomCells.swift */,
				5817D7C41EF18D1B00ACA9E9 /* EurekaSectionHeader.xib */,
			);
			name = Eureka;
			sourceTree = "<group>";
		};
		58608F661EE1B9F400A0FDF3 /* Resources */ = {
			isa = PBXGroup;
			children = (
				5848A9811F0A866B0021C92F /* AACarousel.swift */,
				58A0500C1EFC4FFB0050F718 /* Notifications */,
				8419CD821ECA26CC00A15B1B /* Fonts */,
				58608F861EE86D9F00A0FDF3 /* AirbnbTools */,
				58C03D9E1EF866E30038E9B5 /* MainTabViewController.swift */,
			);
			name = Resources;
			sourceTree = "<group>";
		};
		58608F861EE86D9F00A0FDF3 /* AirbnbTools */ = {
			isa = PBXGroup;
			children = (
				58608FA91EE875D100A0FDF3 /* UIImage.swift */,
				58608F991EE86DCF00A0FDF3 /* UIColor.swift */,
				58608F9A1EE86DCF00A0FDF3 /* Date.swift */,
				58608F951EE86DC800A0FDF3 /* Theme.swift */,
				58608F961EE86DC800A0FDF3 /* Utility.swift */,
			);
			name = AirbnbTools;
			sourceTree = "<group>";
		};
		5862665C1EC9F18F006FC7BD /* Constants */ = {
			isa = PBXGroup;
			children = (
				5862665D1EC9F1DF006FC7BD /* Images.swift */,
			);
			name = Constants;
			sourceTree = "<group>";
		};
		586BAD9A1EC200D500D792A8 /* Saved */ = {
			isa = PBXGroup;
			children = (
				586BAD9B1EC200EF00D792A8 /* SavedViewController.swift */,
			);
			name = Saved;
			sourceTree = "<group>";
		};
		588921E81EB78837005E5606 = {
			isa = PBXGroup;
			children = (
				588921F31EB78838005E5606 /* Wayaj */,
				588922081EB78838005E5606 /* WayajTests */,
				588922131EB78838005E5606 /* WayajUITests */,
				588921F21EB78838005E5606 /* Products */,
				03CA45065C1539821AED6927 /* Pods */,
				4D1BDFF88D1AB0F001C889BD /* Frameworks */,
			);
			sourceTree = "<group>";
		};
		588921F21EB78838005E5606 /* Products */ = {
			isa = PBXGroup;
			children = (
				588921F11EB78838005E5606 /* Wayaj.app */,
				588922051EB78838005E5606 /* WayajTests.xctest */,
				588922101EB78838005E5606 /* WayajUITests.xctest */,
			);
			name = Products;
			sourceTree = "<group>";
		};
		588921F31EB78838005E5606 /* Wayaj */ = {
			isa = PBXGroup;
			children = (
				188A0F031F85796E00673F66 /* CLTokenInputBridgingHeader.h */,
				182E6F071F87D37300CA071D /* UICollectionViewLeftAlignedLayoutBridgingHeader.h */,
				843073541F744555007D6A70 /* Networking */,
				840767901EBA596D00238327 /* Login */,
				58608F2D1EE0746700A0FDF3 /* Questionaire */,
				5862665C1EC9F18F006FC7BD /* Constants */,
				586BAD9A1EC200D500D792A8 /* Saved */,
				840767951EBA63B800238327 /* Cells */,
				840767921EBA598500238327 /* Profile */,
				840767911EBA597500238327 /* Explore */,
				58608F661EE1B9F400A0FDF3 /* Resources */,
				588921F41EB78838005E5606 /* AppDelegate.swift */,
				588921F81EB78838005E5606 /* Main.storyboard */,
				588921FB1EB78838005E5606 /* Assets.xcassets */,
				588921FD1EB78838005E5606 /* LaunchScreen.storyboard */,
				588922001EB78838005E5606 /* Info.plist */,
				58608F2C1EDDF05000A0FDF3 /* Wayaj.entitlements */,
				586BAD971EC1FFF700D792A8 /* Wayaj.xcdatamodeld */,
			);
			path = Wayaj;
			sourceTree = "<group>";
		};
		588922081EB78838005E5606 /* WayajTests */ = {
			isa = PBXGroup;
			children = (
				588922091EB78838005E5606 /* WayajTests.swift */,
				5889220B1EB78838005E5606 /* Info.plist */,
			);
			path = WayajTests;
			sourceTree = "<group>";
		};
		588922131EB78838005E5606 /* WayajUITests */ = {
			isa = PBXGroup;
			children = (
				588922141EB78838005E5606 /* WayajUITests.swift */,
				588922161EB78838005E5606 /* Info.plist */,
			);
			path = WayajUITests;
			sourceTree = "<group>";
		};
		58A0500C1EFC4FFB0050F718 /* Notifications */ = {
			isa = PBXGroup;
			children = (
				58A0500D1EFC50130050F718 /* CRNotificationsMedia.xcassets */,
				58A0500E1EFC50130050F718 /* Colors.swift */,
				58A0500F1EFC50130050F718 /* CRNotification.swift */,
				58A050101EFC50130050F718 /* CRNotifications.swift */,
			);
			name = Notifications;
			sourceTree = "<group>";
		};
		840767901EBA596D00238327 /* Login */ = {
			isa = PBXGroup;
			children = (
				588921F61EB78838005E5606 /* ViewController.swift */,
				843073551F744584007D6A70 /* ViewController+Onboarding.swift */,
				843073571F74467A007D6A70 /* ViewController+SignIn.swift */,
			);
			name = Login;
			sourceTree = "<group>";
		};
		840767911EBA597500238327 /* Explore */ = {
			isa = PBXGroup;
			children = (
				840767931EBA636800238327 /* ExploreViewController.swift */,
				84A776981EBB721E00FF709F /* OfferPageViewController.swift */,
				5862665F1ECDECD3006FC7BD /* TripAdvisorWebViewController.swift */,
				842074731F4ABD1400980800 /* OfferDetailViewController.swift */,
				18B3242D1F6C31A6000C995A /* CustomMapPinAnnotation.swift */,
				187BD2361F7D79F500FF29D2 /* CustomWayajAnnotationView.swift */,
			);
			name = Explore;
			sourceTree = "<group>";
		};
		840767921EBA598500238327 /* Profile */ = {
			isa = PBXGroup;
			children = (
				58646AC91EC0C3E5000BAC36 /* ProfileViewController.swift */,
				188A0F011F8558DC00673F66 /* EditProfileViewController.swift */,
			);
			name = Profile;
			sourceTree = "<group>";
		};
		840767951EBA63B800238327 /* Cells */ = {
			isa = PBXGroup;
			children = (
				840767961EBA654A00238327 /* OfferTableViewCell.swift */,
				841C07C11F4F422900E17958 /* RatingScoreTableViewCell.swift */,
				182E6F031F866F2F00CA071D /* ActivityCollectionViewCell.swift */,
				182E6F051F866F3D00CA071D /* BucketListCollectionViewCell.swift */,
			);
			name = Cells;
			sourceTree = "<group>";
		};
		8419CD821ECA26CC00A15B1B /* Fonts */ = {
			isa = PBXGroup;
			children = (
				8419CD831ECA26F300A15B1B /* Nunito-Bold.ttf */,
				8419CD841ECA26F300A15B1B /* Nunito-Light.ttf */,
				8419CD851ECA26F300A15B1B /* Nunito-Regular.ttf */,
				8419CD861ECA26F300A15B1B /* OpenSans-Regular.ttf */,
			);
			name = Fonts;
			sourceTree = "<group>";
		};
		8420746D1F47291E00980800 /* Realm */ = {
			isa = PBXGroup;
			children = (
				8420746E1F47292500980800 /* Models */,
			);
			name = Realm;
			sourceTree = "<group>";
		};
		8420746E1F47292500980800 /* Models */ = {
			isa = PBXGroup;
			children = (
				8420746F1F4729B100980800 /* User.swift */,
				842074711F47307600980800 /* Listing.swift */,
			);
			name = Models;
			sourceTree = "<group>";
		};
		843073541F744555007D6A70 /* Networking */ = {
			isa = PBXGroup;
			children = (
				8420746D1F47291E00980800 /* Realm */,
				5817D7AF1EF18A2400ACA9E9 /* AWS */,
			);
			name = Networking;
			sourceTree = "<group>";
		};
/* End PBXGroup section */

/* Begin PBXNativeTarget section */
		588921F01EB78837005E5606 /* Wayaj */ = {
			isa = PBXNativeTarget;
			buildConfigurationList = 588922191EB78838005E5606 /* Build configuration list for PBXNativeTarget "Wayaj" */;
			buildPhases = (
				5BC8229B4515AD7729F66A97 /* [CP] Check Pods Manifest.lock */,
				588921ED1EB78837005E5606 /* Sources */,
				588921EE1EB78837005E5606 /* Frameworks */,
				588921EF1EB78837005E5606 /* Resources */,
				94D0577B3A455565A0182DB9 /* [CP] Embed Pods Frameworks */,
				42C29158B9C91B5C19DC1C44 /* [CP] Copy Pods Resources */,
				58608F2A1EDDDFB600A0FDF3 /* Embed App Extensions */,
				84712D9D1F639C70005BBE15 /* ShellScript */,
			);
			buildRules = (
			);
			dependencies = (
			);
			name = Wayaj;
			productName = Wayaj;
			productReference = 588921F11EB78838005E5606 /* Wayaj.app */;
			productType = "com.apple.product-type.application";
		};
		588922041EB78838005E5606 /* WayajTests */ = {
			isa = PBXNativeTarget;
			buildConfigurationList = 5889221C1EB78838005E5606 /* Build configuration list for PBXNativeTarget "WayajTests" */;
			buildPhases = (
				2AC80E765A0346392EEEB3BF /* [CP] Check Pods Manifest.lock */,
				588922011EB78838005E5606 /* Sources */,
				588922021EB78838005E5606 /* Frameworks */,
				588922031EB78838005E5606 /* Resources */,
				1F12E00997C85FEB449E9F64 /* [CP] Embed Pods Frameworks */,
				FCC9AC51E63D517744296221 /* [CP] Copy Pods Resources */,
			);
			buildRules = (
			);
			dependencies = (
				588922071EB78838005E5606 /* PBXTargetDependency */,
			);
			name = WayajTests;
			productName = WayajTests;
			productReference = 588922051EB78838005E5606 /* WayajTests.xctest */;
			productType = "com.apple.product-type.bundle.unit-test";
		};
		5889220F1EB78838005E5606 /* WayajUITests */ = {
			isa = PBXNativeTarget;
			buildConfigurationList = 5889221F1EB78838005E5606 /* Build configuration list for PBXNativeTarget "WayajUITests" */;
			buildPhases = (
				CD2FA69842DD5FB670090392 /* [CP] Check Pods Manifest.lock */,
				5889220C1EB78838005E5606 /* Sources */,
				5889220D1EB78838005E5606 /* Frameworks */,
				5889220E1EB78838005E5606 /* Resources */,
				D31A89A7BE746B7E67FD648C /* [CP] Embed Pods Frameworks */,
				2F44372B6D05D508E87EE2D2 /* [CP] Copy Pods Resources */,
			);
			buildRules = (
			);
			dependencies = (
				588922121EB78838005E5606 /* PBXTargetDependency */,
			);
			name = WayajUITests;
			productName = WayajUITests;
			productReference = 588922101EB78838005E5606 /* WayajUITests.xctest */;
			productType = "com.apple.product-type.bundle.ui-testing";
		};
/* End PBXNativeTarget section */

/* Begin PBXProject section */
		588921E91EB78837005E5606 /* Project object */ = {
			isa = PBXProject;
			attributes = {
				LastSwiftUpdateCheck = 0830;
				LastUpgradeCheck = 0820;
				ORGANIZATIONNAME = GRC;
				TargetAttributes = {
					588921F01EB78837005E5606 = {
						CreatedOnToolsVersion = 8.2.1;
						DevelopmentTeam = L7RW5A7QE3;
						LastSwiftMigration = 0900;
						ProvisioningStyle = Automatic;
						SystemCapabilities = {
							com.apple.BackgroundModes = {
								enabled = 1;
							};
							com.apple.Push = {
								enabled = 1;
							};
						};
					};
					588922041EB78838005E5606 = {
						CreatedOnToolsVersion = 8.2.1;
						DevelopmentTeam = 29C62Z2D26;
						ProvisioningStyle = Automatic;
						TestTargetID = 588921F01EB78837005E5606;
					};
					5889220F1EB78838005E5606 = {
						CreatedOnToolsVersion = 8.2.1;
						DevelopmentTeam = 29C62Z2D26;
						ProvisioningStyle = Automatic;
						TestTargetID = 588921F01EB78837005E5606;
					};
				};
			};
			buildConfigurationList = 588921EC1EB78837005E5606 /* Build configuration list for PBXProject "Wayaj" */;
			compatibilityVersion = "Xcode 3.2";
			developmentRegion = English;
			hasScannedForEncodings = 0;
			knownRegions = (
				en,
				Base,
			);
			mainGroup = 588921E81EB78837005E5606;
			productRefGroup = 588921F21EB78838005E5606 /* Products */;
			projectDirPath = "";
			projectRoot = "";
			targets = (
				588921F01EB78837005E5606 /* Wayaj */,
				588922041EB78838005E5606 /* WayajTests */,
				5889220F1EB78838005E5606 /* WayajUITests */,
			);
		};
/* End PBXProject section */

/* Begin PBXResourcesBuildPhase section */
		588921EF1EB78837005E5606 /* Resources */ = {
			isa = PBXResourcesBuildPhase;
			buildActionMask = 2147483647;
			files = (
				8419CD891ECA26F300A15B1B /* Nunito-Regular.ttf in Resources */,
				588921FF1EB78838005E5606 /* LaunchScreen.storyboard in Resources */,
				8419CD881ECA26F300A15B1B /* Nunito-Light.ttf in Resources */,
				8419CD8A1ECA26F300A15B1B /* OpenSans-Regular.ttf in Resources */,
				588921FC1EB78838005E5606 /* Assets.xcassets in Resources */,
				8419CD871ECA26F300A15B1B /* Nunito-Bold.ttf in Resources */,
				58A050111EFC50130050F718 /* CRNotificationsMedia.xcassets in Resources */,
				5817D7C51EF18D1B00ACA9E9 /* EurekaSectionHeader.xib in Resources */,
				588921FA1EB78838005E5606 /* Main.storyboard in Resources */,
				58910CD41EF2C09B0049E477 /* AWSFacebookSignInResources.bundle in Resources */,
			);
			runOnlyForDeploymentPostprocessing = 0;
		};
		588922031EB78838005E5606 /* Resources */ = {
			isa = PBXResourcesBuildPhase;
			buildActionMask = 2147483647;
			files = (
			);
			runOnlyForDeploymentPostprocessing = 0;
		};
		5889220E1EB78838005E5606 /* Resources */ = {
			isa = PBXResourcesBuildPhase;
			buildActionMask = 2147483647;
			files = (
			);
			runOnlyForDeploymentPostprocessing = 0;
		};
/* End PBXResourcesBuildPhase section */

/* Begin PBXShellScriptBuildPhase section */
		1F12E00997C85FEB449E9F64 /* [CP] Embed Pods Frameworks */ = {
			isa = PBXShellScriptBuildPhase;
			buildActionMask = 2147483647;
			files = (
			);
			inputPaths = (
			);
			name = "[CP] Embed Pods Frameworks";
			outputPaths = (
			);
			runOnlyForDeploymentPostprocessing = 0;
			shellPath = /bin/sh;
			shellScript = "\"${SRCROOT}/Pods/Target Support Files/Pods-WayajTests/Pods-WayajTests-frameworks.sh\"\n";
			showEnvVarsInLog = 0;
		};
		2AC80E765A0346392EEEB3BF /* [CP] Check Pods Manifest.lock */ = {
			isa = PBXShellScriptBuildPhase;
			buildActionMask = 2147483647;
			files = (
			);
			inputPaths = (
			);
			name = "[CP] Check Pods Manifest.lock";
			outputPaths = (
			);
			runOnlyForDeploymentPostprocessing = 0;
			shellPath = /bin/sh;
			shellScript = "diff \"${PODS_ROOT}/../Podfile.lock\" \"${PODS_ROOT}/Manifest.lock\" > /dev/null\nif [ $? != 0 ] ; then\n    # print error to STDERR\n    echo \"error: The sandbox is not in sync with the Podfile.lock. Run 'pod install' or update your CocoaPods installation.\" >&2\n    exit 1\nfi\n";
			showEnvVarsInLog = 0;
		};
		2F44372B6D05D508E87EE2D2 /* [CP] Copy Pods Resources */ = {
			isa = PBXShellScriptBuildPhase;
			buildActionMask = 2147483647;
			files = (
			);
			inputPaths = (
			);
			name = "[CP] Copy Pods Resources";
			outputPaths = (
			);
			runOnlyForDeploymentPostprocessing = 0;
			shellPath = /bin/sh;
			shellScript = "\"${SRCROOT}/Pods/Target Support Files/Pods-WayajUITests/Pods-WayajUITests-resources.sh\"\n";
			showEnvVarsInLog = 0;
		};
		42C29158B9C91B5C19DC1C44 /* [CP] Copy Pods Resources */ = {
			isa = PBXShellScriptBuildPhase;
			buildActionMask = 2147483647;
			files = (
			);
			inputPaths = (
			);
			name = "[CP] Copy Pods Resources";
			outputPaths = (
			);
			runOnlyForDeploymentPostprocessing = 0;
			shellPath = /bin/sh;
			shellScript = "\"${SRCROOT}/Pods/Target Support Files/Pods-Wayaj/Pods-Wayaj-resources.sh\"\n";
			showEnvVarsInLog = 0;
		};
		5BC8229B4515AD7729F66A97 /* [CP] Check Pods Manifest.lock */ = {
			isa = PBXShellScriptBuildPhase;
			buildActionMask = 2147483647;
			files = (
			);
			inputPaths = (
			);
			name = "[CP] Check Pods Manifest.lock";
			outputPaths = (
			);
			runOnlyForDeploymentPostprocessing = 0;
			shellPath = /bin/sh;
			shellScript = "diff \"${PODS_ROOT}/../Podfile.lock\" \"${PODS_ROOT}/Manifest.lock\" > /dev/null\nif [ $? != 0 ] ; then\n    # print error to STDERR\n    echo \"error: The sandbox is not in sync with the Podfile.lock. Run 'pod install' or update your CocoaPods installation.\" >&2\n    exit 1\nfi\n";
			showEnvVarsInLog = 0;
		};
		84712D9D1F639C70005BBE15 /* ShellScript */ = {
			isa = PBXShellScriptBuildPhase;
			buildActionMask = 2147483647;
			files = (
			);
			inputPaths = (
			);
			outputPaths = (
			);
			runOnlyForDeploymentPostprocessing = 0;
			shellPath = /bin/sh;
			shellScript = "# This script strips all non-valid architectures from dynamic libraries in\n# the application's `Frameworks` directory.\n#\n# The following environment variables are required:\n#\n# BUILT_PRODUCTS_DIR\n# FRAMEWORKS_FOLDER_PATH\n# VALID_ARCHS\n# EXPANDED_CODE_SIGN_IDENTITY\n\n\n# Signs a framework with the provided identity\ncode_sign() {\n    # Use the current code_sign_identitiy\n    echo \"Code Signing $1 with Identity ${EXPANDED_CODE_SIGN_IDENTITY_NAME}\"\n    echo \"/usr/bin/codesign --force --sign ${EXPANDED_CODE_SIGN_IDENTITY} --preserve-metadata=identifier,entitlements $1\"\n    /usr/bin/codesign --force --sign ${EXPANDED_CODE_SIGN_IDENTITY} --preserve-metadata=identifier,entitlements \"$1\"\n}\n\necho \"Stripping frameworks\"\ncd \"${BUILT_PRODUCTS_DIR}/${FRAMEWORKS_FOLDER_PATH}\"\n\nfor file in $(find . -type f -perm +111); do\n# Skip non-dynamic libraries\nif ! [[ \"$(file \"$file\")\" == *\"dynamically linked shared library\"* ]]; then\ncontinue\nfi\n# Get architectures for current file\narchs=\"$(lipo -info \"${file}\" | rev | cut -d ':' -f1 | rev)\"\nstripped=\"\"\nfor arch in $archs; do\nif ! [[ \"${VALID_ARCHS}\" == *\"$arch\"* ]]; then\n# Strip non-valid architectures in-place\nlipo -remove \"$arch\" -output \"$file\" \"$file\" || exit 1\nstripped=\"$stripped $arch\"\nfi\ndone\nif [[ \"$stripped\" != \"\" ]]; then\necho \"Stripped $file of architectures:$stripped\"\nif [ \"${CODE_SIGNING_REQUIRED}\" == \"YES\" ]; then\ncode_sign \"${file}\"\nfi\nfi\ndone";
		};
		94D0577B3A455565A0182DB9 /* [CP] Embed Pods Frameworks */ = {
			isa = PBXShellScriptBuildPhase;
			buildActionMask = 2147483647;
			files = (
			);
			inputPaths = (
			);
			name = "[CP] Embed Pods Frameworks";
			outputPaths = (
			);
			runOnlyForDeploymentPostprocessing = 0;
			shellPath = /bin/sh;
			shellScript = "\"${SRCROOT}/Pods/Target Support Files/Pods-Wayaj/Pods-Wayaj-frameworks.sh\"\n";
			showEnvVarsInLog = 0;
		};
		CD2FA69842DD5FB670090392 /* [CP] Check Pods Manifest.lock */ = {
			isa = PBXShellScriptBuildPhase;
			buildActionMask = 2147483647;
			files = (
			);
			inputPaths = (
			);
			name = "[CP] Check Pods Manifest.lock";
			outputPaths = (
			);
			runOnlyForDeploymentPostprocessing = 0;
			shellPath = /bin/sh;
			shellScript = "diff \"${PODS_ROOT}/../Podfile.lock\" \"${PODS_ROOT}/Manifest.lock\" > /dev/null\nif [ $? != 0 ] ; then\n    # print error to STDERR\n    echo \"error: The sandbox is not in sync with the Podfile.lock. Run 'pod install' or update your CocoaPods installation.\" >&2\n    exit 1\nfi\n";
			showEnvVarsInLog = 0;
		};
		D31A89A7BE746B7E67FD648C /* [CP] Embed Pods Frameworks */ = {
			isa = PBXShellScriptBuildPhase;
			buildActionMask = 2147483647;
			files = (
			);
			inputPaths = (
			);
			name = "[CP] Embed Pods Frameworks";
			outputPaths = (
			);
			runOnlyForDeploymentPostprocessing = 0;
			shellPath = /bin/sh;
			shellScript = "\"${SRCROOT}/Pods/Target Support Files/Pods-WayajUITests/Pods-WayajUITests-frameworks.sh\"\n";
			showEnvVarsInLog = 0;
		};
		FCC9AC51E63D517744296221 /* [CP] Copy Pods Resources */ = {
			isa = PBXShellScriptBuildPhase;
			buildActionMask = 2147483647;
			files = (
			);
			inputPaths = (
			);
			name = "[CP] Copy Pods Resources";
			outputPaths = (
			);
			runOnlyForDeploymentPostprocessing = 0;
			shellPath = /bin/sh;
			shellScript = "\"${SRCROOT}/Pods/Target Support Files/Pods-WayajTests/Pods-WayajTests-resources.sh\"\n";
			showEnvVarsInLog = 0;
		};
/* End PBXShellScriptBuildPhase section */

/* Begin PBXSourcesBuildPhase section */
		588921ED1EB78837005E5606 /* Sources */ = {
			isa = PBXSourcesBuildPhase;
			buildActionMask = 2147483647;
			files = (
				58A050131EFC50130050F718 /* CRNotification.swift in Sources */,
				842074741F4ABD1400980800 /* OfferDetailViewController.swift in Sources */,
				5848A9821F0A866B0021C92F /* AACarousel.swift in Sources */,
				58646ACA1EC0C3E5000BAC36 /* ProfileViewController.swift in Sources */,
				586BAD991EC1FFF700D792A8 /* Wayaj.xcdatamodeld in Sources */,
				58C03D9F1EF866E30038E9B5 /* MainTabViewController.swift in Sources */,
				840767971EBA654A00238327 /* OfferTableViewCell.swift in Sources */,
				58608F971EE86DC800A0FDF3 /* Theme.swift in Sources */,
				588921F71EB78838005E5606 /* ViewController.swift in Sources */,
				5862665E1EC9F1DF006FC7BD /* Images.swift in Sources */,
				187BD2371F7D79F500FF29D2 /* CustomWayajAnnotationView.swift in Sources */,
				58A050141EFC50130050F718 /* CRNotifications.swift in Sources */,
				5817D7C11EF18CF900ACA9E9 /* FloatLabelTextField.swift in Sources */,
				58910CDC1EF2C5760049E477 /* AWSMobileClient.swift in Sources */,
				182E6F061F866F3D00CA071D /* BucketListCollectionViewCell.swift in Sources */,
				586266601ECDECD3006FC7BD /* TripAdvisorWebViewController.swift in Sources */,
				843073561F744584007D6A70 /* ViewController+Onboarding.swift in Sources */,
				84A776991EBB721E00FF709F /* OfferPageViewController.swift in Sources */,
				842074701F4729B100980800 /* User.swift in Sources */,
				58608FAA1EE875D100A0FDF3 /* UIImage.swift in Sources */,
				5817D7BF1EF18CDE00ACA9E9 /* ImageRow.swift in Sources */,
				842074721F47307600980800 /* Listing.swift in Sources */,
				58608F9C1EE86DCF00A0FDF3 /* Date.swift in Sources */,
				5817D7C31EF18D1000ACA9E9 /* CustomCells.swift in Sources */,
				5817D7B31EF18A4400ACA9E9 /* FacebookIdentityProfile.swift in Sources */,
				588921F51EB78838005E5606 /* AppDelegate.swift in Sources */,
				58A050121EFC50130050F718 /* Colors.swift in Sources */,
				586BAD9C1EC200EF00D792A8 /* SavedViewController.swift in Sources */,
				58608F9B1EE86DCF00A0FDF3 /* UIColor.swift in Sources */,
				188A0F021F8558DC00673F66 /* EditProfileViewController.swift in Sources */,
				58608F981EE86DC800A0FDF3 /* Utility.swift in Sources */,
				58608F2F1EE0747800A0FDF3 /* QuestionaireViewController.swift in Sources */,
				5817D7BE1EF18CDE00ACA9E9 /* ImagePickerController.swift in Sources */,
				182E6F041F866F2F00CA071D /* ActivityCollectionViewCell.swift in Sources */,
				18B3242E1F6C31A6000C995A /* CustomMapPinAnnotation.swift in Sources */,
				843073581F74467A007D6A70 /* ViewController+SignIn.swift in Sources */,
				841C07C21F4F422900E17958 /* RatingScoreTableViewCell.swift in Sources */,
				5817D7B11EF18A2C00ACA9E9 /* UtilityFunctions.swift in Sources */,
				840767941EBA636800238327 /* ExploreViewController.swift in Sources */,
			);
			runOnlyForDeploymentPostprocessing = 0;
		};
		588922011EB78838005E5606 /* Sources */ = {
			isa = PBXSourcesBuildPhase;
			buildActionMask = 2147483647;
			files = (
				5889220A1EB78838005E5606 /* WayajTests.swift in Sources */,
			);
			runOnlyForDeploymentPostprocessing = 0;
		};
		5889220C1EB78838005E5606 /* Sources */ = {
			isa = PBXSourcesBuildPhase;
			buildActionMask = 2147483647;
			files = (
				588922151EB78838005E5606 /* WayajUITests.swift in Sources */,
			);
			runOnlyForDeploymentPostprocessing = 0;
		};
/* End PBXSourcesBuildPhase section */

/* Begin PBXTargetDependency section */
		588922071EB78838005E5606 /* PBXTargetDependency */ = {
			isa = PBXTargetDependency;
			target = 588921F01EB78837005E5606 /* Wayaj */;
			targetProxy = 588922061EB78838005E5606 /* PBXContainerItemProxy */;
		};
		588922121EB78838005E5606 /* PBXTargetDependency */ = {
			isa = PBXTargetDependency;
			target = 588921F01EB78837005E5606 /* Wayaj */;
			targetProxy = 588922111EB78838005E5606 /* PBXContainerItemProxy */;
		};
/* End PBXTargetDependency section */

/* Begin PBXVariantGroup section */
		58608F5D1EE0769400A0FDF3 /* WeekDaysCell.xib */ = {
			isa = PBXVariantGroup;
			children = (
				58608F5C1EE0769400A0FDF3 /* Base */,
			);
			name = WeekDaysCell.xib;
			path = "/Users/singhg/Desktop/Projects/ESPNW/ESPNW/../../../../Downloads/Eureka-master/Example";
			sourceTree = "<absolute>";
		};
		588921F81EB78838005E5606 /* Main.storyboard */ = {
			isa = PBXVariantGroup;
			children = (
				588921F91EB78838005E5606 /* Base */,
			);
			name = Main.storyboard;
			sourceTree = "<group>";
		};
		588921FD1EB78838005E5606 /* LaunchScreen.storyboard */ = {
			isa = PBXVariantGroup;
			children = (
				588921FE1EB78838005E5606 /* Base */,
			);
			name = LaunchScreen.storyboard;
			sourceTree = "<group>";
		};
/* End PBXVariantGroup section */

/* Begin XCBuildConfiguration section */
		588922171EB78838005E5606 /* Debug */ = {
			isa = XCBuildConfiguration;
			buildSettings = {
				ALWAYS_SEARCH_USER_PATHS = NO;
				CLANG_ANALYZER_NONNULL = YES;
				CLANG_CXX_LANGUAGE_STANDARD = "gnu++0x";
				CLANG_CXX_LIBRARY = "libc++";
				CLANG_ENABLE_MODULES = YES;
				CLANG_ENABLE_OBJC_ARC = YES;
				CLANG_WARN_BOOL_CONVERSION = YES;
				CLANG_WARN_CONSTANT_CONVERSION = YES;
				CLANG_WARN_DIRECT_OBJC_ISA_USAGE = YES_ERROR;
				CLANG_WARN_DOCUMENTATION_COMMENTS = YES;
				CLANG_WARN_EMPTY_BODY = YES;
				CLANG_WARN_ENUM_CONVERSION = YES;
				CLANG_WARN_INFINITE_RECURSION = YES;
				CLANG_WARN_INT_CONVERSION = YES;
				CLANG_WARN_OBJC_ROOT_CLASS = YES_ERROR;
				CLANG_WARN_SUSPICIOUS_MOVE = YES;
				CLANG_WARN_UNREACHABLE_CODE = YES;
				CLANG_WARN__DUPLICATE_METHOD_MATCH = YES;
				"CODE_SIGN_IDENTITY[sdk=iphoneos*]" = "iPhone Developer";
				COPY_PHASE_STRIP = NO;
				DEBUG_INFORMATION_FORMAT = dwarf;
				ENABLE_STRICT_OBJC_MSGSEND = YES;
				ENABLE_TESTABILITY = YES;
				GCC_C_LANGUAGE_STANDARD = gnu99;
				GCC_DYNAMIC_NO_PIC = NO;
				GCC_NO_COMMON_BLOCKS = YES;
				GCC_OPTIMIZATION_LEVEL = 0;
				GCC_PREPROCESSOR_DEFINITIONS = (
					"DEBUG=1",
					"$(inherited)",
				);
				GCC_WARN_64_TO_32_BIT_CONVERSION = YES;
				GCC_WARN_ABOUT_RETURN_TYPE = YES_ERROR;
				GCC_WARN_UNDECLARED_SELECTOR = YES;
				GCC_WARN_UNINITIALIZED_AUTOS = YES_AGGRESSIVE;
				GCC_WARN_UNUSED_FUNCTION = YES;
				GCC_WARN_UNUSED_VARIABLE = YES;
				IPHONEOS_DEPLOYMENT_TARGET = 10.1;
				MTL_ENABLE_DEBUG_INFO = YES;
				ONLY_ACTIVE_ARCH = YES;
				SDKROOT = iphoneos;
				SWIFT_ACTIVE_COMPILATION_CONDITIONS = DEBUG;
				SWIFT_OPTIMIZATION_LEVEL = "-Onone";
				SWIFT_VERSION = "";
			};
			name = Debug;
		};
		588922181EB78838005E5606 /* Release */ = {
			isa = XCBuildConfiguration;
			buildSettings = {
				ALWAYS_SEARCH_USER_PATHS = NO;
				CLANG_ANALYZER_NONNULL = YES;
				CLANG_CXX_LANGUAGE_STANDARD = "gnu++0x";
				CLANG_CXX_LIBRARY = "libc++";
				CLANG_ENABLE_MODULES = YES;
				CLANG_ENABLE_OBJC_ARC = YES;
				CLANG_WARN_BOOL_CONVERSION = YES;
				CLANG_WARN_CONSTANT_CONVERSION = YES;
				CLANG_WARN_DIRECT_OBJC_ISA_USAGE = YES_ERROR;
				CLANG_WARN_DOCUMENTATION_COMMENTS = YES;
				CLANG_WARN_EMPTY_BODY = YES;
				CLANG_WARN_ENUM_CONVERSION = YES;
				CLANG_WARN_INFINITE_RECURSION = YES;
				CLANG_WARN_INT_CONVERSION = YES;
				CLANG_WARN_OBJC_ROOT_CLASS = YES_ERROR;
				CLANG_WARN_SUSPICIOUS_MOVE = YES;
				CLANG_WARN_UNREACHABLE_CODE = YES;
				CLANG_WARN__DUPLICATE_METHOD_MATCH = YES;
				"CODE_SIGN_IDENTITY[sdk=iphoneos*]" = "iPhone Developer";
				COPY_PHASE_STRIP = NO;
				DEBUG_INFORMATION_FORMAT = "dwarf-with-dsym";
				ENABLE_NS_ASSERTIONS = NO;
				ENABLE_STRICT_OBJC_MSGSEND = YES;
				GCC_C_LANGUAGE_STANDARD = gnu99;
				GCC_NO_COMMON_BLOCKS = YES;
				GCC_WARN_64_TO_32_BIT_CONVERSION = YES;
				GCC_WARN_ABOUT_RETURN_TYPE = YES_ERROR;
				GCC_WARN_UNDECLARED_SELECTOR = YES;
				GCC_WARN_UNINITIALIZED_AUTOS = YES_AGGRESSIVE;
				GCC_WARN_UNUSED_FUNCTION = YES;
				GCC_WARN_UNUSED_VARIABLE = YES;
				IPHONEOS_DEPLOYMENT_TARGET = 10.1;
				MTL_ENABLE_DEBUG_INFO = NO;
				SDKROOT = iphoneos;
				SWIFT_OPTIMIZATION_LEVEL = "-Owholemodule";
				SWIFT_VERSION = "";
				VALIDATE_PRODUCT = YES;
			};
			name = Release;
		};
		5889221A1EB78838005E5606 /* Debug */ = {
			isa = XCBuildConfiguration;
			baseConfigurationReference = 3C5B5F6364397A5EC12CE2C2 /* Pods-Wayaj.debug.xcconfig */;
			buildSettings = {
				ASSETCATALOG_COMPILER_APPICON_NAME = AppIcon;
				CLANG_ALLOW_NON_MODULAR_INCLUDES_IN_FRAMEWORK_MODULES = YES;
				CODE_SIGN_ENTITLEMENTS = Wayaj/Wayaj.entitlements;
				"CODE_SIGN_IDENTITY[sdk=iphoneos*]" = "iPhone Developer";
				CODE_SIGN_STYLE = Automatic;
				DEVELOPMENT_TEAM = L7RW5A7QE3;
				FRAMEWORK_SEARCH_PATHS = (
					"$(inherited)",
					"$(PROJECT_DIR)",
				);
				INFOPLIST_FILE = Wayaj/Info.plist;
				IPHONEOS_DEPLOYMENT_TARGET = 10.0;
				LD_RUNPATH_SEARCH_PATHS = "$(inherited) @executable_path/Frameworks";
				PRODUCT_BUNDLE_IDENTIFIER = GRC.Wayaj;
				PRODUCT_NAME = "$(TARGET_NAME)";
				PROVISIONING_PROFILE = "";
				PROVISIONING_PROFILE_SPECIFIER = "";
				SWIFT_SWIFT3_OBJC_INFERENCE = Off;
				SWIFT_VERSION = 4.0;
			};
			name = Debug;
		};
		5889221B1EB78838005E5606 /* Release */ = {
			isa = XCBuildConfiguration;
			baseConfigurationReference = 5A62239920C4064918F1F749 /* Pods-Wayaj.release.xcconfig */;
			buildSettings = {
				ASSETCATALOG_COMPILER_APPICON_NAME = AppIcon;
				CLANG_ALLOW_NON_MODULAR_INCLUDES_IN_FRAMEWORK_MODULES = YES;
				CODE_SIGN_ENTITLEMENTS = Wayaj/Wayaj.entitlements;
				"CODE_SIGN_IDENTITY[sdk=iphoneos*]" = "iPhone Developer";
				CODE_SIGN_STYLE = Automatic;
				DEVELOPMENT_TEAM = L7RW5A7QE3;
				FRAMEWORK_SEARCH_PATHS = (
					"$(inherited)",
					"$(PROJECT_DIR)",
				);
				INFOPLIST_FILE = Wayaj/Info.plist;
				IPHONEOS_DEPLOYMENT_TARGET = 10.0;
				LD_RUNPATH_SEARCH_PATHS = "$(inherited) @executable_path/Frameworks";
				PRODUCT_BUNDLE_IDENTIFIER = GRC.Wayaj;
				PRODUCT_NAME = "$(TARGET_NAME)";
				PROVISIONING_PROFILE = "";
				PROVISIONING_PROFILE_SPECIFIER = "";
				SWIFT_SWIFT3_OBJC_INFERENCE = Off;
				SWIFT_VERSION = 4.0;
			};
			name = Release;
		};
		5889221D1EB78838005E5606 /* Debug */ = {
			isa = XCBuildConfiguration;
			baseConfigurationReference = 34A207E42F3314F1E12A8D4A /* Pods-WayajTests.debug.xcconfig */;
			buildSettings = {
				ALWAYS_EMBED_SWIFT_STANDARD_LIBRARIES = YES;
				BUNDLE_LOADER = "$(TEST_HOST)";
				DEVELOPMENT_TEAM = 29C62Z2D26;
				INFOPLIST_FILE = WayajTests/Info.plist;
				LD_RUNPATH_SEARCH_PATHS = "$(inherited) @executable_path/Frameworks @loader_path/Frameworks";
				PRODUCT_BUNDLE_IDENTIFIER = GRC.WayajTests;
				PRODUCT_NAME = "$(TARGET_NAME)";
				SWIFT_VERSION = 3.0;
				TEST_HOST = "$(BUILT_PRODUCTS_DIR)/Wayaj.app/Wayaj";
			};
			name = Debug;
		};
		5889221E1EB78838005E5606 /* Release */ = {
			isa = XCBuildConfiguration;
			baseConfigurationReference = 338E94323D7DEC58DAEC8DFA /* Pods-WayajTests.release.xcconfig */;
			buildSettings = {
				ALWAYS_EMBED_SWIFT_STANDARD_LIBRARIES = YES;
				BUNDLE_LOADER = "$(TEST_HOST)";
				DEVELOPMENT_TEAM = 29C62Z2D26;
				INFOPLIST_FILE = WayajTests/Info.plist;
				LD_RUNPATH_SEARCH_PATHS = "$(inherited) @executable_path/Frameworks @loader_path/Frameworks";
				PRODUCT_BUNDLE_IDENTIFIER = GRC.WayajTests;
				PRODUCT_NAME = "$(TARGET_NAME)";
				SWIFT_VERSION = 3.0;
				TEST_HOST = "$(BUILT_PRODUCTS_DIR)/Wayaj.app/Wayaj";
			};
			name = Release;
		};
		588922201EB78838005E5606 /* Debug */ = {
			isa = XCBuildConfiguration;
			baseConfigurationReference = F31F31DEE0A422383AD2EB6F /* Pods-WayajUITests.debug.xcconfig */;
			buildSettings = {
				ALWAYS_EMBED_SWIFT_STANDARD_LIBRARIES = YES;
				DEVELOPMENT_TEAM = 29C62Z2D26;
				INFOPLIST_FILE = WayajUITests/Info.plist;
				LD_RUNPATH_SEARCH_PATHS = "$(inherited) @executable_path/Frameworks @loader_path/Frameworks";
				PRODUCT_BUNDLE_IDENTIFIER = GRC.WayajUITests;
				PRODUCT_NAME = "$(TARGET_NAME)";
				SWIFT_VERSION = 3.0;
				TEST_TARGET_NAME = Wayaj;
			};
			name = Debug;
		};
		588922211EB78838005E5606 /* Release */ = {
			isa = XCBuildConfiguration;
			baseConfigurationReference = 0A488D9653E00D368A7CD102 /* Pods-WayajUITests.release.xcconfig */;
			buildSettings = {
				ALWAYS_EMBED_SWIFT_STANDARD_LIBRARIES = YES;
				DEVELOPMENT_TEAM = 29C62Z2D26;
				INFOPLIST_FILE = WayajUITests/Info.plist;
				LD_RUNPATH_SEARCH_PATHS = "$(inherited) @executable_path/Frameworks @loader_path/Frameworks";
				PRODUCT_BUNDLE_IDENTIFIER = GRC.WayajUITests;
				PRODUCT_NAME = "$(TARGET_NAME)";
				SWIFT_VERSION = 3.0;
				TEST_TARGET_NAME = Wayaj;
			};
			name = Release;
		};
/* End XCBuildConfiguration section */

/* Begin XCConfigurationList section */
		588921EC1EB78837005E5606 /* Build configuration list for PBXProject "Wayaj" */ = {
			isa = XCConfigurationList;
			buildConfigurations = (
				588922171EB78838005E5606 /* Debug */,
				588922181EB78838005E5606 /* Release */,
			);
			defaultConfigurationIsVisible = 0;
			defaultConfigurationName = Release;
		};
		588922191EB78838005E5606 /* Build configuration list for PBXNativeTarget "Wayaj" */ = {
			isa = XCConfigurationList;
			buildConfigurations = (
				5889221A1EB78838005E5606 /* Debug */,
				5889221B1EB78838005E5606 /* Release */,
			);
			defaultConfigurationIsVisible = 0;
			defaultConfigurationName = Release;
		};
		5889221C1EB78838005E5606 /* Build configuration list for PBXNativeTarget "WayajTests" */ = {
			isa = XCConfigurationList;
			buildConfigurations = (
				5889221D1EB78838005E5606 /* Debug */,
				5889221E1EB78838005E5606 /* Release */,
			);
			defaultConfigurationIsVisible = 0;
			defaultConfigurationName = Release;
		};
		5889221F1EB78838005E5606 /* Build configuration list for PBXNativeTarget "WayajUITests" */ = {
			isa = XCConfigurationList;
			buildConfigurations = (
				588922201EB78838005E5606 /* Debug */,
				588922211EB78838005E5606 /* Release */,
			);
			defaultConfigurationIsVisible = 0;
			defaultConfigurationName = Release;
		};
/* End XCConfigurationList section */

/* Begin XCVersionGroup section */
		586BAD971EC1FFF700D792A8 /* Wayaj.xcdatamodeld */ = {
			isa = XCVersionGroup;
			children = (
				586BAD981EC1FFF700D792A8 /* Wayaj.xcdatamodel */,
			);
			currentVersion = 586BAD981EC1FFF700D792A8 /* Wayaj.xcdatamodel */;
			path = Wayaj.xcdatamodeld;
			sourceTree = "<group>";
			versionGroupType = wrapper.xcdatamodel;
		};
/* End XCVersionGroup section */
	};
	rootObject = 588921E91EB78837005E5606 /* Project object */;
}
