// !$*UTF8*$!
{
	archiveVersion = 1;
	classes = {
	};
	objectVersion = 46;
	objects = {

/* Begin PBXBuildFile section */
		53039F030A94BA98970F2EB5 /* Pods_WayajTests.framework in Frameworks */ = {isa = PBXBuildFile; fileRef = F78D9CBED3B423E33F173483 /* Pods_WayajTests.framework */; };
		58608F221EDDDFB600A0FDF3 /* NotificationService.swift in Sources */ = {isa = PBXBuildFile; fileRef = 58608F211EDDDFB600A0FDF3 /* NotificationService.swift */; };
		58608F261EDDDFB600A0FDF3 /* OneSignalNotificationServiceExtension.appex in Embed App Extensions */ = {isa = PBXBuildFile; fileRef = 58608F1F1EDDDFB600A0FDF3 /* OneSignalNotificationServiceExtension.appex */; settings = {ATTRIBUTES = (RemoveHeadersOnCopy, ); }; };
		5862665E1EC9F1DF006FC7BD /* Images.swift in Sources */ = {isa = PBXBuildFile; fileRef = 5862665D1EC9F1DF006FC7BD /* Images.swift */; };
		586266601ECDECD3006FC7BD /* TripAdvisorWebViewController.swift in Sources */ = {isa = PBXBuildFile; fileRef = 5862665F1ECDECD3006FC7BD /* TripAdvisorWebViewController.swift */; };
		58646ACA1EC0C3E5000BAC36 /* ProfileViewController.swift in Sources */ = {isa = PBXBuildFile; fileRef = 58646AC91EC0C3E5000BAC36 /* ProfileViewController.swift */; };
		586BAD991EC1FFF700D792A8 /* Wayaj.xcdatamodeld in Sources */ = {isa = PBXBuildFile; fileRef = 586BAD971EC1FFF700D792A8 /* Wayaj.xcdatamodeld */; };
		586BAD9C1EC200EF00D792A8 /* SavedViewController.swift in Sources */ = {isa = PBXBuildFile; fileRef = 586BAD9B1EC200EF00D792A8 /* SavedViewController.swift */; };
		588921F51EB78838005E5606 /* AppDelegate.swift in Sources */ = {isa = PBXBuildFile; fileRef = 588921F41EB78838005E5606 /* AppDelegate.swift */; };
		588921F71EB78838005E5606 /* ViewController.swift in Sources */ = {isa = PBXBuildFile; fileRef = 588921F61EB78838005E5606 /* ViewController.swift */; };
		588921FA1EB78838005E5606 /* Main.storyboard in Resources */ = {isa = PBXBuildFile; fileRef = 588921F81EB78838005E5606 /* Main.storyboard */; };
		588921FC1EB78838005E5606 /* Assets.xcassets in Resources */ = {isa = PBXBuildFile; fileRef = 588921FB1EB78838005E5606 /* Assets.xcassets */; };
		588921FF1EB78838005E5606 /* LaunchScreen.storyboard in Resources */ = {isa = PBXBuildFile; fileRef = 588921FD1EB78838005E5606 /* LaunchScreen.storyboard */; };
		5889220A1EB78838005E5606 /* WayajTests.swift in Sources */ = {isa = PBXBuildFile; fileRef = 588922091EB78838005E5606 /* WayajTests.swift */; };
		588922151EB78838005E5606 /* WayajUITests.swift in Sources */ = {isa = PBXBuildFile; fileRef = 588922141EB78838005E5606 /* WayajUITests.swift */; };
		5C7DE884B8A2F9CE0B5F1411 /* Pods_Wayaj_OneSignalNotificationServiceExtension.framework in Frameworks */ = {isa = PBXBuildFile; fileRef = F04369AC06CC9B3D3740B82B /* Pods_Wayaj_OneSignalNotificationServiceExtension.framework */; };
		840767941EBA636800238327 /* ExploreViewController.swift in Sources */ = {isa = PBXBuildFile; fileRef = 840767931EBA636800238327 /* ExploreViewController.swift */; };
		840767971EBA654A00238327 /* OfferTableViewCell.swift in Sources */ = {isa = PBXBuildFile; fileRef = 840767961EBA654A00238327 /* OfferTableViewCell.swift */; };
		8419CD871ECA26F300A15B1B /* Nunito-Bold.ttf in Resources */ = {isa = PBXBuildFile; fileRef = 8419CD831ECA26F300A15B1B /* Nunito-Bold.ttf */; };
		8419CD881ECA26F300A15B1B /* Nunito-Light.ttf in Resources */ = {isa = PBXBuildFile; fileRef = 8419CD841ECA26F300A15B1B /* Nunito-Light.ttf */; };
		8419CD891ECA26F300A15B1B /* Nunito-Regular.ttf in Resources */ = {isa = PBXBuildFile; fileRef = 8419CD851ECA26F300A15B1B /* Nunito-Regular.ttf */; };
		8419CD8A1ECA26F300A15B1B /* OpenSans-Regular.ttf in Resources */ = {isa = PBXBuildFile; fileRef = 8419CD861ECA26F300A15B1B /* OpenSans-Regular.ttf */; };
		84A776991EBB721E00FF709F /* OfferPageViewController.swift in Sources */ = {isa = PBXBuildFile; fileRef = 84A776981EBB721E00FF709F /* OfferPageViewController.swift */; };
		D61D87EEA2544470C87A67C7 /* Pods_Wayaj.framework in Frameworks */ = {isa = PBXBuildFile; fileRef = C5ED3D4F5FC1D0C9B5694EA8 /* Pods_Wayaj.framework */; };
		DAB75F14E7D8686795B0F559 /* Pods_WayajUITests.framework in Frameworks */ = {isa = PBXBuildFile; fileRef = 1E5DAE30669AEE9FA4747F14 /* Pods_WayajUITests.framework */; };
/* End PBXBuildFile section */

/* Begin PBXContainerItemProxy section */
		58608F241EDDDFB600A0FDF3 /* PBXContainerItemProxy */ = {
			isa = PBXContainerItemProxy;
			containerPortal = 588921E91EB78837005E5606 /* Project object */;
			proxyType = 1;
			remoteGlobalIDString = 58608F1E1EDDDFB600A0FDF3;
			remoteInfo = OneSignalNotificationServiceExtension;
		};
		588922061EB78838005E5606 /* PBXContainerItemProxy */ = {
			isa = PBXContainerItemProxy;
			containerPortal = 588921E91EB78837005E5606 /* Project object */;
			proxyType = 1;
			remoteGlobalIDString = 588921F01EB78837005E5606;
			remoteInfo = Wayaj;
		};
		588922111EB78838005E5606 /* PBXContainerItemProxy */ = {
			isa = PBXContainerItemProxy;
			containerPortal = 588921E91EB78837005E5606 /* Project object */;
			proxyType = 1;
			remoteGlobalIDString = 588921F01EB78837005E5606;
			remoteInfo = Wayaj;
		};
/* End PBXContainerItemProxy section */

/* Begin PBXCopyFilesBuildPhase section */
		58608F2A1EDDDFB600A0FDF3 /* Embed App Extensions */ = {
			isa = PBXCopyFilesBuildPhase;
			buildActionMask = 2147483647;
			dstPath = "";
			dstSubfolderSpec = 13;
			files = (
				58608F261EDDDFB600A0FDF3 /* OneSignalNotificationServiceExtension.appex in Embed App Extensions */,
			);
			name = "Embed App Extensions";
			runOnlyForDeploymentPostprocessing = 0;
		};
/* End PBXCopyFilesBuildPhase section */

/* Begin PBXFileReference section */
		0A488D9653E00D368A7CD102 /* Pods-WayajUITests.release.xcconfig */ = {isa = PBXFileReference; includeInIndex = 1; lastKnownFileType = text.xcconfig; name = "Pods-WayajUITests.release.xcconfig"; path = "Pods/Target Support Files/Pods-WayajUITests/Pods-WayajUITests.release.xcconfig"; sourceTree = "<group>"; };
		1E5DAE30669AEE9FA4747F14 /* Pods_WayajUITests.framework */ = {isa = PBXFileReference; explicitFileType = wrapper.framework; includeInIndex = 0; path = Pods_WayajUITests.framework; sourceTree = BUILT_PRODUCTS_DIR; };
		338E94323D7DEC58DAEC8DFA /* Pods-WayajTests.release.xcconfig */ = {isa = PBXFileReference; includeInIndex = 1; lastKnownFileType = text.xcconfig; name = "Pods-WayajTests.release.xcconfig"; path = "Pods/Target Support Files/Pods-WayajTests/Pods-WayajTests.release.xcconfig"; sourceTree = "<group>"; };
		34A207E42F3314F1E12A8D4A /* Pods-WayajTests.debug.xcconfig */ = {isa = PBXFileReference; includeInIndex = 1; lastKnownFileType = text.xcconfig; name = "Pods-WayajTests.debug.xcconfig"; path = "Pods/Target Support Files/Pods-WayajTests/Pods-WayajTests.debug.xcconfig"; sourceTree = "<group>"; };
		3C5B5F6364397A5EC12CE2C2 /* Pods-Wayaj.debug.xcconfig */ = {isa = PBXFileReference; includeInIndex = 1; lastKnownFileType = text.xcconfig; name = "Pods-Wayaj.debug.xcconfig"; path = "Pods/Target Support Files/Pods-Wayaj/Pods-Wayaj.debug.xcconfig"; sourceTree = "<group>"; };
		58608F1F1EDDDFB600A0FDF3 /* OneSignalNotificationServiceExtension.appex */ = {isa = PBXFileReference; explicitFileType = "wrapper.app-extension"; includeInIndex = 0; path = OneSignalNotificationServiceExtension.appex; sourceTree = BUILT_PRODUCTS_DIR; };
		58608F211EDDDFB600A0FDF3 /* NotificationService.swift */ = {isa = PBXFileReference; lastKnownFileType = sourcecode.swift; path = NotificationService.swift; sourceTree = "<group>"; };
		58608F231EDDDFB600A0FDF3 /* Info.plist */ = {isa = PBXFileReference; lastKnownFileType = text.plist.xml; path = Info.plist; sourceTree = "<group>"; };
		58608F2B1EDDE16600A0FDF3 /* OneSignalNotificationServiceExtension.entitlements */ = {isa = PBXFileReference; lastKnownFileType = text.plist.entitlements; path = OneSignalNotificationServiceExtension.entitlements; sourceTree = "<group>"; };
		58608F2C1EDDF05000A0FDF3 /* Wayaj.entitlements */ = {isa = PBXFileReference; lastKnownFileType = text.plist.entitlements; path = Wayaj.entitlements; sourceTree = "<group>"; };
		5862665D1EC9F1DF006FC7BD /* Images.swift */ = {isa = PBXFileReference; fileEncoding = 4; lastKnownFileType = sourcecode.swift; path = Images.swift; sourceTree = "<group>"; };
		5862665F1ECDECD3006FC7BD /* TripAdvisorWebViewController.swift */ = {isa = PBXFileReference; fileEncoding = 4; lastKnownFileType = sourcecode.swift; path = TripAdvisorWebViewController.swift; sourceTree = "<group>"; };
		58646AC91EC0C3E5000BAC36 /* ProfileViewController.swift */ = {isa = PBXFileReference; fileEncoding = 4; lastKnownFileType = sourcecode.swift; path = ProfileViewController.swift; sourceTree = "<group>"; };
		586BAD981EC1FFF700D792A8 /* Wayaj.xcdatamodel */ = {isa = PBXFileReference; lastKnownFileType = wrapper.xcdatamodel; path = Wayaj.xcdatamodel; sourceTree = "<group>"; };
		586BAD9B1EC200EF00D792A8 /* SavedViewController.swift */ = {isa = PBXFileReference; fileEncoding = 4; lastKnownFileType = sourcecode.swift; path = SavedViewController.swift; sourceTree = "<group>"; };
		588921F11EB78838005E5606 /* Wayaj.app */ = {isa = PBXFileReference; explicitFileType = wrapper.application; includeInIndex = 0; path = Wayaj.app; sourceTree = BUILT_PRODUCTS_DIR; };
		588921F41EB78838005E5606 /* AppDelegate.swift */ = {isa = PBXFileReference; lastKnownFileType = sourcecode.swift; path = AppDelegate.swift; sourceTree = "<group>"; };
		588921F61EB78838005E5606 /* ViewController.swift */ = {isa = PBXFileReference; lastKnownFileType = sourcecode.swift; path = ViewController.swift; sourceTree = "<group>"; };
		588921F91EB78838005E5606 /* Base */ = {isa = PBXFileReference; lastKnownFileType = file.storyboard; name = Base; path = Base.lproj/Main.storyboard; sourceTree = "<group>"; };
		588921FB1EB78838005E5606 /* Assets.xcassets */ = {isa = PBXFileReference; lastKnownFileType = folder.assetcatalog; path = Assets.xcassets; sourceTree = "<group>"; };
		588921FE1EB78838005E5606 /* Base */ = {isa = PBXFileReference; lastKnownFileType = file.storyboard; name = Base; path = Base.lproj/LaunchScreen.storyboard; sourceTree = "<group>"; };
		588922001EB78838005E5606 /* Info.plist */ = {isa = PBXFileReference; lastKnownFileType = text.plist.xml; path = Info.plist; sourceTree = "<group>"; };
		588922051EB78838005E5606 /* WayajTests.xctest */ = {isa = PBXFileReference; explicitFileType = wrapper.cfbundle; includeInIndex = 0; path = WayajTests.xctest; sourceTree = BUILT_PRODUCTS_DIR; };
		588922091EB78838005E5606 /* WayajTests.swift */ = {isa = PBXFileReference; lastKnownFileType = sourcecode.swift; path = WayajTests.swift; sourceTree = "<group>"; };
		5889220B1EB78838005E5606 /* Info.plist */ = {isa = PBXFileReference; lastKnownFileType = text.plist.xml; path = Info.plist; sourceTree = "<group>"; };
		588922101EB78838005E5606 /* WayajUITests.xctest */ = {isa = PBXFileReference; explicitFileType = wrapper.cfbundle; includeInIndex = 0; path = WayajUITests.xctest; sourceTree = BUILT_PRODUCTS_DIR; };
		588922141EB78838005E5606 /* WayajUITests.swift */ = {isa = PBXFileReference; lastKnownFileType = sourcecode.swift; path = WayajUITests.swift; sourceTree = "<group>"; };
		588922161EB78838005E5606 /* Info.plist */ = {isa = PBXFileReference; lastKnownFileType = text.plist.xml; path = Info.plist; sourceTree = "<group>"; };
		5A62239920C4064918F1F749 /* Pods-Wayaj.release.xcconfig */ = {isa = PBXFileReference; includeInIndex = 1; lastKnownFileType = text.xcconfig; name = "Pods-Wayaj.release.xcconfig"; path = "Pods/Target Support Files/Pods-Wayaj/Pods-Wayaj.release.xcconfig"; sourceTree = "<group>"; };
		71A8CC2AC6AB9EC49FAF79A3 /* Pods-Wayaj-OneSignalNotificationServiceExtension.release.xcconfig */ = {isa = PBXFileReference; includeInIndex = 1; lastKnownFileType = text.xcconfig; name = "Pods-Wayaj-OneSignalNotificationServiceExtension.release.xcconfig"; path = "Pods/Target Support Files/Pods-Wayaj-OneSignalNotificationServiceExtension/Pods-Wayaj-OneSignalNotificationServiceExtension.release.xcconfig"; sourceTree = "<group>"; };
		840767931EBA636800238327 /* ExploreViewController.swift */ = {isa = PBXFileReference; fileEncoding = 4; lastKnownFileType = sourcecode.swift; path = ExploreViewController.swift; sourceTree = "<group>"; };
		840767961EBA654A00238327 /* OfferTableViewCell.swift */ = {isa = PBXFileReference; fileEncoding = 4; lastKnownFileType = sourcecode.swift; path = OfferTableViewCell.swift; sourceTree = "<group>"; };
		8419CD831ECA26F300A15B1B /* Nunito-Bold.ttf */ = {isa = PBXFileReference; lastKnownFileType = file; path = "Nunito-Bold.ttf"; sourceTree = "<group>"; };
		8419CD841ECA26F300A15B1B /* Nunito-Light.ttf */ = {isa = PBXFileReference; lastKnownFileType = file; path = "Nunito-Light.ttf"; sourceTree = "<group>"; };
		8419CD851ECA26F300A15B1B /* Nunito-Regular.ttf */ = {isa = PBXFileReference; lastKnownFileType = file; path = "Nunito-Regular.ttf"; sourceTree = "<group>"; };
		8419CD861ECA26F300A15B1B /* OpenSans-Regular.ttf */ = {isa = PBXFileReference; lastKnownFileType = file; path = "OpenSans-Regular.ttf"; sourceTree = "<group>"; };
		84A776981EBB721E00FF709F /* OfferPageViewController.swift */ = {isa = PBXFileReference; fileEncoding = 4; lastKnownFileType = sourcecode.swift; path = OfferPageViewController.swift; sourceTree = "<group>"; };
		C5ED3D4F5FC1D0C9B5694EA8 /* Pods_Wayaj.framework */ = {isa = PBXFileReference; explicitFileType = wrapper.framework; includeInIndex = 0; path = Pods_Wayaj.framework; sourceTree = BUILT_PRODUCTS_DIR; };
		F04369AC06CC9B3D3740B82B /* Pods_Wayaj_OneSignalNotificationServiceExtension.framework */ = {isa = PBXFileReference; explicitFileType = wrapper.framework; includeInIndex = 0; path = Pods_Wayaj_OneSignalNotificationServiceExtension.framework; sourceTree = BUILT_PRODUCTS_DIR; };
		F128A1DD75B756A540CA9020 /* Pods-Wayaj-OneSignalNotificationServiceExtension.debug.xcconfig */ = {isa = PBXFileReference; includeInIndex = 1; lastKnownFileType = text.xcconfig; name = "Pods-Wayaj-OneSignalNotificationServiceExtension.debug.xcconfig"; path = "Pods/Target Support Files/Pods-Wayaj-OneSignalNotificationServiceExtension/Pods-Wayaj-OneSignalNotificationServiceExtension.debug.xcconfig"; sourceTree = "<group>"; };
		F31F31DEE0A422383AD2EB6F /* Pods-WayajUITests.debug.xcconfig */ = {isa = PBXFileReference; includeInIndex = 1; lastKnownFileType = text.xcconfig; name = "Pods-WayajUITests.debug.xcconfig"; path = "Pods/Target Support Files/Pods-WayajUITests/Pods-WayajUITests.debug.xcconfig"; sourceTree = "<group>"; };
		F78D9CBED3B423E33F173483 /* Pods_WayajTests.framework */ = {isa = PBXFileReference; explicitFileType = wrapper.framework; includeInIndex = 0; path = Pods_WayajTests.framework; sourceTree = BUILT_PRODUCTS_DIR; };
/* End PBXFileReference section */

/* Begin PBXFrameworksBuildPhase section */
		58608F1C1EDDDFB600A0FDF3 /* Frameworks */ = {
			isa = PBXFrameworksBuildPhase;
			buildActionMask = 2147483647;
			files = (
				5C7DE884B8A2F9CE0B5F1411 /* Pods_Wayaj_OneSignalNotificationServiceExtension.framework in Frameworks */,
			);
			runOnlyForDeploymentPostprocessing = 0;
		};
		588921EE1EB78837005E5606 /* Frameworks */ = {
			isa = PBXFrameworksBuildPhase;
			buildActionMask = 2147483647;
			files = (
				D61D87EEA2544470C87A67C7 /* Pods_Wayaj.framework in Frameworks */,
			);
			runOnlyForDeploymentPostprocessing = 0;
		};
		588922021EB78838005E5606 /* Frameworks */ = {
			isa = PBXFrameworksBuildPhase;
			buildActionMask = 2147483647;
			files = (
				53039F030A94BA98970F2EB5 /* Pods_WayajTests.framework in Frameworks */,
			);
			runOnlyForDeploymentPostprocessing = 0;
		};
		5889220D1EB78838005E5606 /* Frameworks */ = {
			isa = PBXFrameworksBuildPhase;
			buildActionMask = 2147483647;
			files = (
				DAB75F14E7D8686795B0F559 /* Pods_WayajUITests.framework in Frameworks */,
			);
			runOnlyForDeploymentPostprocessing = 0;
		};
/* End PBXFrameworksBuildPhase section */

/* Begin PBXGroup section */
		03CA45065C1539821AED6927 /* Pods */ = {
			isa = PBXGroup;
			children = (
				3C5B5F6364397A5EC12CE2C2 /* Pods-Wayaj.debug.xcconfig */,
				5A62239920C4064918F1F749 /* Pods-Wayaj.release.xcconfig */,
				34A207E42F3314F1E12A8D4A /* Pods-WayajTests.debug.xcconfig */,
				338E94323D7DEC58DAEC8DFA /* Pods-WayajTests.release.xcconfig */,
				F31F31DEE0A422383AD2EB6F /* Pods-WayajUITests.debug.xcconfig */,
				0A488D9653E00D368A7CD102 /* Pods-WayajUITests.release.xcconfig */,
				F128A1DD75B756A540CA9020 /* Pods-Wayaj-OneSignalNotificationServiceExtension.debug.xcconfig */,
				71A8CC2AC6AB9EC49FAF79A3 /* Pods-Wayaj-OneSignalNotificationServiceExtension.release.xcconfig */,
			);
			name = Pods;
			sourceTree = "<group>";
		};
		4D1BDFF88D1AB0F001C889BD /* Frameworks */ = {
			isa = PBXGroup;
			children = (
				C5ED3D4F5FC1D0C9B5694EA8 /* Pods_Wayaj.framework */,
				F78D9CBED3B423E33F173483 /* Pods_WayajTests.framework */,
				1E5DAE30669AEE9FA4747F14 /* Pods_WayajUITests.framework */,
				F04369AC06CC9B3D3740B82B /* Pods_Wayaj_OneSignalNotificationServiceExtension.framework */,
			);
			name = Frameworks;
			sourceTree = "<group>";
		};
		58608F201EDDDFB600A0FDF3 /* OneSignalNotificationServiceExtension */ = {
			isa = PBXGroup;
			children = (
				58608F2B1EDDE16600A0FDF3 /* OneSignalNotificationServiceExtension.entitlements */,
				58608F211EDDDFB600A0FDF3 /* NotificationService.swift */,
				58608F231EDDDFB600A0FDF3 /* Info.plist */,
			);
			path = OneSignalNotificationServiceExtension;
			sourceTree = "<group>";
		};
		5862665C1EC9F18F006FC7BD /* Constants */ = {
			isa = PBXGroup;
			children = (
				5862665D1EC9F1DF006FC7BD /* Images.swift */,
			);
			name = Constants;
			sourceTree = "<group>";
		};
		586BAD9A1EC200D500D792A8 /* Saved */ = {
			isa = PBXGroup;
			children = (
				586BAD9B1EC200EF00D792A8 /* SavedViewController.swift */,
			);
			name = Saved;
			sourceTree = "<group>";
		};
		588921E81EB78837005E5606 = {
			isa = PBXGroup;
			children = (
				588921F31EB78838005E5606 /* Wayaj */,
				588922081EB78838005E5606 /* WayajTests */,
				588922131EB78838005E5606 /* WayajUITests */,
				58608F201EDDDFB600A0FDF3 /* OneSignalNotificationServiceExtension */,
				588921F21EB78838005E5606 /* Products */,
				03CA45065C1539821AED6927 /* Pods */,
				4D1BDFF88D1AB0F001C889BD /* Frameworks */,
			);
			sourceTree = "<group>";
		};
		588921F21EB78838005E5606 /* Products */ = {
			isa = PBXGroup;
			children = (
				588921F11EB78838005E5606 /* Wayaj.app */,
				588922051EB78838005E5606 /* WayajTests.xctest */,
				588922101EB78838005E5606 /* WayajUITests.xctest */,
				58608F1F1EDDDFB600A0FDF3 /* OneSignalNotificationServiceExtension.appex */,
			);
			name = Products;
			sourceTree = "<group>";
		};
		588921F31EB78838005E5606 /* Wayaj */ = {
			isa = PBXGroup;
			children = (
				58608F2C1EDDF05000A0FDF3 /* Wayaj.entitlements */,
				8419CD821ECA26CC00A15B1B /* Fonts */,
				5862665C1EC9F18F006FC7BD /* Constants */,
				586BAD971EC1FFF700D792A8 /* Wayaj.xcdatamodeld */,
				586BAD9A1EC200D500D792A8 /* Saved */,
				840767951EBA63B800238327 /* Cells */,
				840767921EBA598500238327 /* Profile */,
				840767911EBA597500238327 /* Explore */,
				840767901EBA596D00238327 /* Login */,
				588921F41EB78838005E5606 /* AppDelegate.swift */,
				588921F61EB78838005E5606 /* ViewController.swift */,
				588921F81EB78838005E5606 /* Main.storyboard */,
				588921FB1EB78838005E5606 /* Assets.xcassets */,
				588921FD1EB78838005E5606 /* LaunchScreen.storyboard */,
				588922001EB78838005E5606 /* Info.plist */,
			);
			path = Wayaj;
			sourceTree = "<group>";
		};
		588922081EB78838005E5606 /* WayajTests */ = {
			isa = PBXGroup;
			children = (
				588922091EB78838005E5606 /* WayajTests.swift */,
				5889220B1EB78838005E5606 /* Info.plist */,
			);
			path = WayajTests;
			sourceTree = "<group>";
		};
		588922131EB78838005E5606 /* WayajUITests */ = {
			isa = PBXGroup;
			children = (
				588922141EB78838005E5606 /* WayajUITests.swift */,
				588922161EB78838005E5606 /* Info.plist */,
			);
			path = WayajUITests;
			sourceTree = "<group>";
		};
		840767901EBA596D00238327 /* Login */ = {
			isa = PBXGroup;
			children = (
			);
			name = Login;
			sourceTree = "<group>";
		};
		840767911EBA597500238327 /* Explore */ = {
			isa = PBXGroup;
			children = (
				840767931EBA636800238327 /* ExploreViewController.swift */,
				84A776981EBB721E00FF709F /* OfferPageViewController.swift */,
				5862665F1ECDECD3006FC7BD /* TripAdvisorWebViewController.swift */,
			);
			name = Explore;
			sourceTree = "<group>";
		};
		840767921EBA598500238327 /* Profile */ = {
			isa = PBXGroup;
			children = (
				58646AC91EC0C3E5000BAC36 /* ProfileViewController.swift */,
			);
			name = Profile;
			sourceTree = "<group>";
		};
		840767951EBA63B800238327 /* Cells */ = {
			isa = PBXGroup;
			children = (
				840767961EBA654A00238327 /* OfferTableViewCell.swift */,
			);
			name = Cells;
			sourceTree = "<group>";
		};
		8419CD821ECA26CC00A15B1B /* Fonts */ = {
			isa = PBXGroup;
			children = (
				8419CD831ECA26F300A15B1B /* Nunito-Bold.ttf */,
				8419CD841ECA26F300A15B1B /* Nunito-Light.ttf */,
				8419CD851ECA26F300A15B1B /* Nunito-Regular.ttf */,
				8419CD861ECA26F300A15B1B /* OpenSans-Regular.ttf */,
			);
			name = Fonts;
			sourceTree = "<group>";
		};
/* End PBXGroup section */

/* Begin PBXNativeTarget section */
		58608F1E1EDDDFB600A0FDF3 /* OneSignalNotificationServiceExtension */ = {
			isa = PBXNativeTarget;
			buildConfigurationList = 58608F291EDDDFB600A0FDF3 /* Build configuration list for PBXNativeTarget "OneSignalNotificationServiceExtension" */;
			buildPhases = (
				390D1A6D5BF25D41F0AA2E66 /* [CP] Check Pods Manifest.lock */,
				58608F1B1EDDDFB600A0FDF3 /* Sources */,
				58608F1C1EDDDFB600A0FDF3 /* Frameworks */,
				58608F1D1EDDDFB600A0FDF3 /* Resources */,
				51B66D501F53751E23E974A5 /* [CP] Copy Pods Resources */,
			);
			buildRules = (
			);
			dependencies = (
			);
			name = OneSignalNotificationServiceExtension;
			productName = OneSignalNotificationServiceExtension;
			productReference = 58608F1F1EDDDFB600A0FDF3 /* OneSignalNotificationServiceExtension.appex */;
			productType = "com.apple.product-type.app-extension";
		};
		588921F01EB78837005E5606 /* Wayaj */ = {
			isa = PBXNativeTarget;
			buildConfigurationList = 588922191EB78838005E5606 /* Build configuration list for PBXNativeTarget "Wayaj" */;
			buildPhases = (
				5BC8229B4515AD7729F66A97 /* [CP] Check Pods Manifest.lock */,
				588921ED1EB78837005E5606 /* Sources */,
				588921EE1EB78837005E5606 /* Frameworks */,
				588921EF1EB78837005E5606 /* Resources */,
				94D0577B3A455565A0182DB9 /* [CP] Embed Pods Frameworks */,
				42C29158B9C91B5C19DC1C44 /* [CP] Copy Pods Resources */,
				58608F2A1EDDDFB600A0FDF3 /* Embed App Extensions */,
			);
			buildRules = (
			);
			dependencies = (
				58608F251EDDDFB600A0FDF3 /* PBXTargetDependency */,
			);
			name = Wayaj;
			productName = Wayaj;
			productReference = 588921F11EB78838005E5606 /* Wayaj.app */;
			productType = "com.apple.product-type.application";
		};
		588922041EB78838005E5606 /* WayajTests */ = {
			isa = PBXNativeTarget;
			buildConfigurationList = 5889221C1EB78838005E5606 /* Build configuration list for PBXNativeTarget "WayajTests" */;
			buildPhases = (
				2AC80E765A0346392EEEB3BF /* [CP] Check Pods Manifest.lock */,
				588922011EB78838005E5606 /* Sources */,
				588922021EB78838005E5606 /* Frameworks */,
				588922031EB78838005E5606 /* Resources */,
				1F12E00997C85FEB449E9F64 /* [CP] Embed Pods Frameworks */,
				FCC9AC51E63D517744296221 /* [CP] Copy Pods Resources */,
			);
			buildRules = (
			);
			dependencies = (
				588922071EB78838005E5606 /* PBXTargetDependency */,
			);
			name = WayajTests;
			productName = WayajTests;
			productReference = 588922051EB78838005E5606 /* WayajTests.xctest */;
			productType = "com.apple.product-type.bundle.unit-test";
		};
		5889220F1EB78838005E5606 /* WayajUITests */ = {
			isa = PBXNativeTarget;
			buildConfigurationList = 5889221F1EB78838005E5606 /* Build configuration list for PBXNativeTarget "WayajUITests" */;
			buildPhases = (
				CD2FA69842DD5FB670090392 /* [CP] Check Pods Manifest.lock */,
				5889220C1EB78838005E5606 /* Sources */,
				5889220D1EB78838005E5606 /* Frameworks */,
				5889220E1EB78838005E5606 /* Resources */,
				D31A89A7BE746B7E67FD648C /* [CP] Embed Pods Frameworks */,
				2F44372B6D05D508E87EE2D2 /* [CP] Copy Pods Resources */,
			);
			buildRules = (
			);
			dependencies = (
				588922121EB78838005E5606 /* PBXTargetDependency */,
			);
			name = WayajUITests;
			productName = WayajUITests;
			productReference = 588922101EB78838005E5606 /* WayajUITests.xctest */;
			productType = "com.apple.product-type.bundle.ui-testing";
		};
/* End PBXNativeTarget section */

/* Begin PBXProject section */
		588921E91EB78837005E5606 /* Project object */ = {
			isa = PBXProject;
			attributes = {
				LastSwiftUpdateCheck = 0830;
				LastUpgradeCheck = 0820;
				ORGANIZATIONNAME = GRC;
				TargetAttributes = {
					58608F1E1EDDDFB600A0FDF3 = {
						CreatedOnToolsVersion = 8.3.2;
						DevelopmentTeam = 29C62Z2D26;
						ProvisioningStyle = Automatic;
						SystemCapabilities = {
							com.apple.DataProtection = {
								enabled = 0;
							};
							com.apple.Push = {
								enabled = 0;
							};
						};
					};
					588921F01EB78837005E5606 = {
						CreatedOnToolsVersion = 8.2.1;
						DevelopmentTeam = 29C62Z2D26;
						ProvisioningStyle = Automatic;
						SystemCapabilities = {
							com.apple.BackgroundModes = {
								enabled = 1;
							};
							com.apple.Push = {
								enabled = 1;
							};
						};
					};
					588922041EB78838005E5606 = {
						CreatedOnToolsVersion = 8.2.1;
						DevelopmentTeam = 29C62Z2D26;
						ProvisioningStyle = Automatic;
						TestTargetID = 588921F01EB78837005E5606;
					};
					5889220F1EB78838005E5606 = {
						CreatedOnToolsVersion = 8.2.1;
						DevelopmentTeam = 29C62Z2D26;
						ProvisioningStyle = Automatic;
						TestTargetID = 588921F01EB78837005E5606;
					};
				};
			};
			buildConfigurationList = 588921EC1EB78837005E5606 /* Build configuration list for PBXProject "Wayaj" */;
			compatibilityVersion = "Xcode 3.2";
			developmentRegion = English;
			hasScannedForEncodings = 0;
			knownRegions = (
				en,
				Base,
			);
			mainGroup = 588921E81EB78837005E5606;
			productRefGroup = 588921F21EB78838005E5606 /* Products */;
			projectDirPath = "";
			projectRoot = "";
			targets = (
				588921F01EB78837005E5606 /* Wayaj */,
				588922041EB78838005E5606 /* WayajTests */,
				5889220F1EB78838005E5606 /* WayajUITests */,
				58608F1E1EDDDFB600A0FDF3 /* OneSignalNotificationServiceExtension */,
			);
		};
/* End PBXProject section */

/* Begin PBXResourcesBuildPhase section */
		58608F1D1EDDDFB600A0FDF3 /* Resources */ = {
			isa = PBXResourcesBuildPhase;
			buildActionMask = 2147483647;
			files = (
			);
			runOnlyForDeploymentPostprocessing = 0;
		};
		588921EF1EB78837005E5606 /* Resources */ = {
			isa = PBXResourcesBuildPhase;
			buildActionMask = 2147483647;
			files = (
				8419CD891ECA26F300A15B1B /* Nunito-Regular.ttf in Resources */,
				588921FF1EB78838005E5606 /* LaunchScreen.storyboard in Resources */,
				8419CD881ECA26F300A15B1B /* Nunito-Light.ttf in Resources */,
				8419CD8A1ECA26F300A15B1B /* OpenSans-Regular.ttf in Resources */,
				588921FC1EB78838005E5606 /* Assets.xcassets in Resources */,
				8419CD871ECA26F300A15B1B /* Nunito-Bold.ttf in Resources */,
				588921FA1EB78838005E5606 /* Main.storyboard in Resources */,
			);
			runOnlyForDeploymentPostprocessing = 0;
		};
		588922031EB78838005E5606 /* Resources */ = {
			isa = PBXResourcesBuildPhase;
			buildActionMask = 2147483647;
			files = (
			);
			runOnlyForDeploymentPostprocessing = 0;
		};
		5889220E1EB78838005E5606 /* Resources */ = {
			isa = PBXResourcesBuildPhase;
			buildActionMask = 2147483647;
			files = (
			);
			runOnlyForDeploymentPostprocessing = 0;
		};
/* End PBXResourcesBuildPhase section */

/* Begin PBXShellScriptBuildPhase section */
		1F12E00997C85FEB449E9F64 /* [CP] Embed Pods Frameworks */ = {
			isa = PBXShellScriptBuildPhase;
			buildActionMask = 2147483647;
			files = (
			);
			inputPaths = (
			);
			name = "[CP] Embed Pods Frameworks";
			outputPaths = (
			);
			runOnlyForDeploymentPostprocessing = 0;
			shellPath = /bin/sh;
			shellScript = "\"${SRCROOT}/Pods/Target Support Files/Pods-WayajTests/Pods-WayajTests-frameworks.sh\"\n";
			showEnvVarsInLog = 0;
		};
		2AC80E765A0346392EEEB3BF /* [CP] Check Pods Manifest.lock */ = {
			isa = PBXShellScriptBuildPhase;
			buildActionMask = 2147483647;
			files = (
			);
			inputPaths = (
			);
			name = "[CP] Check Pods Manifest.lock";
			outputPaths = (
			);
			runOnlyForDeploymentPostprocessing = 0;
			shellPath = /bin/sh;
			shellScript = "diff \"${PODS_ROOT}/../Podfile.lock\" \"${PODS_ROOT}/Manifest.lock\" > /dev/null\nif [ $? != 0 ] ; then\n    # print error to STDERR\n    echo \"error: The sandbox is not in sync with the Podfile.lock. Run 'pod install' or update your CocoaPods installation.\" >&2\n    exit 1\nfi\n";
			showEnvVarsInLog = 0;
		};
		2F44372B6D05D508E87EE2D2 /* [CP] Copy Pods Resources */ = {
			isa = PBXShellScriptBuildPhase;
			buildActionMask = 2147483647;
			files = (
			);
			inputPaths = (
			);
			name = "[CP] Copy Pods Resources";
			outputPaths = (
			);
			runOnlyForDeploymentPostprocessing = 0;
			shellPath = /bin/sh;
			shellScript = "\"${SRCROOT}/Pods/Target Support Files/Pods-WayajUITests/Pods-WayajUITests-resources.sh\"\n";
			showEnvVarsInLog = 0;
		};
		390D1A6D5BF25D41F0AA2E66 /* [CP] Check Pods Manifest.lock */ = {
			isa = PBXShellScriptBuildPhase;
			buildActionMask = 2147483647;
			files = (
			);
			inputPaths = (
			);
			name = "[CP] Check Pods Manifest.lock";
			outputPaths = (
			);
			runOnlyForDeploymentPostprocessing = 0;
			shellPath = /bin/sh;
			shellScript = "diff \"${PODS_ROOT}/../Podfile.lock\" \"${PODS_ROOT}/Manifest.lock\" > /dev/null\nif [ $? != 0 ] ; then\n    # print error to STDERR\n    echo \"error: The sandbox is not in sync with the Podfile.lock. Run 'pod install' or update your CocoaPods installation.\" >&2\n    exit 1\nfi\n";
			showEnvVarsInLog = 0;
		};
		42C29158B9C91B5C19DC1C44 /* [CP] Copy Pods Resources */ = {
			isa = PBXShellScriptBuildPhase;
			buildActionMask = 2147483647;
			files = (
			);
			inputPaths = (
			);
			name = "[CP] Copy Pods Resources";
			outputPaths = (
			);
			runOnlyForDeploymentPostprocessing = 0;
			shellPath = /bin/sh;
			shellScript = "\"${SRCROOT}/Pods/Target Support Files/Pods-Wayaj/Pods-Wayaj-resources.sh\"\n";
			showEnvVarsInLog = 0;
		};
		51B66D501F53751E23E974A5 /* [CP] Copy Pods Resources */ = {
			isa = PBXShellScriptBuildPhase;
			buildActionMask = 2147483647;
			files = (
			);
			inputPaths = (
			);
			name = "[CP] Copy Pods Resources";
			outputPaths = (
			);
			runOnlyForDeploymentPostprocessing = 0;
			shellPath = /bin/sh;
			shellScript = "\"${SRCROOT}/Pods/Target Support Files/Pods-Wayaj-OneSignalNotificationServiceExtension/Pods-Wayaj-OneSignalNotificationServiceExtension-resources.sh\"\n";
			showEnvVarsInLog = 0;
		};
		5BC8229B4515AD7729F66A97 /* [CP] Check Pods Manifest.lock */ = {
			isa = PBXShellScriptBuildPhase;
			buildActionMask = 2147483647;
			files = (
			);
			inputPaths = (
			);
			name = "[CP] Check Pods Manifest.lock";
			outputPaths = (
			);
			runOnlyForDeploymentPostprocessing = 0;
			shellPath = /bin/sh;
			shellScript = "diff \"${PODS_ROOT}/../Podfile.lock\" \"${PODS_ROOT}/Manifest.lock\" > /dev/null\nif [ $? != 0 ] ; then\n    # print error to STDERR\n    echo \"error: The sandbox is not in sync with the Podfile.lock. Run 'pod install' or update your CocoaPods installation.\" >&2\n    exit 1\nfi\n";
			showEnvVarsInLog = 0;
		};
		94D0577B3A455565A0182DB9 /* [CP] Embed Pods Frameworks */ = {
			isa = PBXShellScriptBuildPhase;
			buildActionMask = 2147483647;
			files = (
			);
			inputPaths = (
			);
			name = "[CP] Embed Pods Frameworks";
			outputPaths = (
			);
			runOnlyForDeploymentPostprocessing = 0;
			shellPath = /bin/sh;
			shellScript = "\"${SRCROOT}/Pods/Target Support Files/Pods-Wayaj/Pods-Wayaj-frameworks.sh\"\n";
			showEnvVarsInLog = 0;
		};
		CD2FA69842DD5FB670090392 /* [CP] Check Pods Manifest.lock */ = {
			isa = PBXShellScriptBuildPhase;
			buildActionMask = 2147483647;
			files = (
			);
			inputPaths = (
			);
			name = "[CP] Check Pods Manifest.lock";
			outputPaths = (
			);
			runOnlyForDeploymentPostprocessing = 0;
			shellPath = /bin/sh;
			shellScript = "diff \"${PODS_ROOT}/../Podfile.lock\" \"${PODS_ROOT}/Manifest.lock\" > /dev/null\nif [ $? != 0 ] ; then\n    # print error to STDERR\n    echo \"error: The sandbox is not in sync with the Podfile.lock. Run 'pod install' or update your CocoaPods installation.\" >&2\n    exit 1\nfi\n";
			showEnvVarsInLog = 0;
		};
		D31A89A7BE746B7E67FD648C /* [CP] Embed Pods Frameworks */ = {
			isa = PBXShellScriptBuildPhase;
			buildActionMask = 2147483647;
			files = (
			);
			inputPaths = (
			);
			name = "[CP] Embed Pods Frameworks";
			outputPaths = (
			);
			runOnlyForDeploymentPostprocessing = 0;
			shellPath = /bin/sh;
			shellScript = "\"${SRCROOT}/Pods/Target Support Files/Pods-WayajUITests/Pods-WayajUITests-frameworks.sh\"\n";
			showEnvVarsInLog = 0;
		};
		FCC9AC51E63D517744296221 /* [CP] Copy Pods Resources */ = {
			isa = PBXShellScriptBuildPhase;
			buildActionMask = 2147483647;
			files = (
			);
			inputPaths = (
			);
			name = "[CP] Copy Pods Resources";
			outputPaths = (
			);
			runOnlyForDeploymentPostprocessing = 0;
			shellPath = /bin/sh;
			shellScript = "\"${SRCROOT}/Pods/Target Support Files/Pods-WayajTests/Pods-WayajTests-resources.sh\"\n";
			showEnvVarsInLog = 0;
		};
/* End PBXShellScriptBuildPhase section */

/* Begin PBXSourcesBuildPhase section */
		58608F1B1EDDDFB600A0FDF3 /* Sources */ = {
			isa = PBXSourcesBuildPhase;
			buildActionMask = 2147483647;
			files = (
				58608F221EDDDFB600A0FDF3 /* NotificationService.swift in Sources */,
			);
			runOnlyForDeploymentPostprocessing = 0;
		};
		588921ED1EB78837005E5606 /* Sources */ = {
			isa = PBXSourcesBuildPhase;
			buildActionMask = 2147483647;
			files = (
				58646ACA1EC0C3E5000BAC36 /* ProfileViewController.swift in Sources */,
				586BAD991EC1FFF700D792A8 /* Wayaj.xcdatamodeld in Sources */,
				840767971EBA654A00238327 /* OfferTableViewCell.swift in Sources */,
				588921F71EB78838005E5606 /* ViewController.swift in Sources */,
				5862665E1EC9F1DF006FC7BD /* Images.swift in Sources */,
				586266601ECDECD3006FC7BD /* TripAdvisorWebViewController.swift in Sources */,
				84A776991EBB721E00FF709F /* OfferPageViewController.swift in Sources */,
				588921F51EB78838005E5606 /* AppDelegate.swift in Sources */,
				586BAD9C1EC200EF00D792A8 /* SavedViewController.swift in Sources */,
				840767941EBA636800238327 /* ExploreViewController.swift in Sources */,
			);
			runOnlyForDeploymentPostprocessing = 0;
		};
		588922011EB78838005E5606 /* Sources */ = {
			isa = PBXSourcesBuildPhase;
			buildActionMask = 2147483647;
			files = (
				5889220A1EB78838005E5606 /* WayajTests.swift in Sources */,
			);
			runOnlyForDeploymentPostprocessing = 0;
		};
		5889220C1EB78838005E5606 /* Sources */ = {
			isa = PBXSourcesBuildPhase;
			buildActionMask = 2147483647;
			files = (
				588922151EB78838005E5606 /* WayajUITests.swift in Sources */,
			);
			runOnlyForDeploymentPostprocessing = 0;
		};
/* End PBXSourcesBuildPhase section */

/* Begin PBXTargetDependency section */
		58608F251EDDDFB600A0FDF3 /* PBXTargetDependency */ = {
			isa = PBXTargetDependency;
			target = 58608F1E1EDDDFB600A0FDF3 /* OneSignalNotificationServiceExtension */;
			targetProxy = 58608F241EDDDFB600A0FDF3 /* PBXContainerItemProxy */;
		};
		588922071EB78838005E5606 /* PBXTargetDependency */ = {
			isa = PBXTargetDependency;
			target = 588921F01EB78837005E5606 /* Wayaj */;
			targetProxy = 588922061EB78838005E5606 /* PBXContainerItemProxy */;
		};
		588922121EB78838005E5606 /* PBXTargetDependency */ = {
			isa = PBXTargetDependency;
			target = 588921F01EB78837005E5606 /* Wayaj */;
			targetProxy = 588922111EB78838005E5606 /* PBXContainerItemProxy */;
		};
/* End PBXTargetDependency section */

/* Begin PBXVariantGroup section */
		588921F81EB78838005E5606 /* Main.storyboard */ = {
			isa = PBXVariantGroup;
			children = (
				588921F91EB78838005E5606 /* Base */,
			);
			name = Main.storyboard;
			sourceTree = "<group>";
		};
		588921FD1EB78838005E5606 /* LaunchScreen.storyboard */ = {
			isa = PBXVariantGroup;
			children = (
				588921FE1EB78838005E5606 /* Base */,
			);
			name = LaunchScreen.storyboard;
			sourceTree = "<group>";
		};
/* End PBXVariantGroup section */

/* Begin XCBuildConfiguration section */
		58608F271EDDDFB600A0FDF3 /* Debug */ = {
			isa = XCBuildConfiguration;
			baseConfigurationReference = F128A1DD75B756A540CA9020 /* Pods-Wayaj-OneSignalNotificationServiceExtension.debug.xcconfig */;
			buildSettings = {
				CLANG_ANALYZER_NUMBER_OBJECT_CONVERSION = YES_AGGRESSIVE;
				DEVELOPMENT_TEAM = 29C62Z2D26;
				INFOPLIST_FILE = OneSignalNotificationServiceExtension/Info.plist;
				IPHONEOS_DEPLOYMENT_TARGET = 10.0;
				LD_RUNPATH_SEARCH_PATHS = "$(inherited) @executable_path/Frameworks @executable_path/../../Frameworks";
				PRODUCT_BUNDLE_IDENTIFIER = GRC.Wayaj.OneSignalNotificationServiceExtension;
				PRODUCT_NAME = "$(TARGET_NAME)";
				SKIP_INSTALL = YES;
				SWIFT_VERSION = 3.0;
			};
			name = Debug;
		};
		58608F281EDDDFB600A0FDF3 /* Release */ = {
			isa = XCBuildConfiguration;
			baseConfigurationReference = 71A8CC2AC6AB9EC49FAF79A3 /* Pods-Wayaj-OneSignalNotificationServiceExtension.release.xcconfig */;
			buildSettings = {
				CLANG_ANALYZER_NUMBER_OBJECT_CONVERSION = YES_AGGRESSIVE;
				DEVELOPMENT_TEAM = 29C62Z2D26;
				INFOPLIST_FILE = OneSignalNotificationServiceExtension/Info.plist;
				IPHONEOS_DEPLOYMENT_TARGET = 10.0;
				LD_RUNPATH_SEARCH_PATHS = "$(inherited) @executable_path/Frameworks @executable_path/../../Frameworks";
				PRODUCT_BUNDLE_IDENTIFIER = GRC.Wayaj.OneSignalNotificationServiceExtension;
				PRODUCT_NAME = "$(TARGET_NAME)";
				SKIP_INSTALL = YES;
				SWIFT_VERSION = 3.0;
			};
			name = Release;
		};
		588922171EB78838005E5606 /* Debug */ = {
			isa = XCBuildConfiguration;
			buildSettings = {
				ALWAYS_SEARCH_USER_PATHS = NO;
				CLANG_ANALYZER_NONNULL = YES;
				CLANG_CXX_LANGUAGE_STANDARD = "gnu++0x";
				CLANG_CXX_LIBRARY = "libc++";
				CLANG_ENABLE_MODULES = YES;
				CLANG_ENABLE_OBJC_ARC = YES;
				CLANG_WARN_BOOL_CONVERSION = YES;
				CLANG_WARN_CONSTANT_CONVERSION = YES;
				CLANG_WARN_DIRECT_OBJC_ISA_USAGE = YES_ERROR;
				CLANG_WARN_DOCUMENTATION_COMMENTS = YES;
				CLANG_WARN_EMPTY_BODY = YES;
				CLANG_WARN_ENUM_CONVERSION = YES;
				CLANG_WARN_INFINITE_RECURSION = YES;
				CLANG_WARN_INT_CONVERSION = YES;
				CLANG_WARN_OBJC_ROOT_CLASS = YES_ERROR;
				CLANG_WARN_SUSPICIOUS_MOVE = YES;
				CLANG_WARN_UNREACHABLE_CODE = YES;
				CLANG_WARN__DUPLICATE_METHOD_MATCH = YES;
				"CODE_SIGN_IDENTITY[sdk=iphoneos*]" = "iPhone Developer";
				COPY_PHASE_STRIP = NO;
				DEBUG_INFORMATION_FORMAT = dwarf;
				ENABLE_STRICT_OBJC_MSGSEND = YES;
				ENABLE_TESTABILITY = YES;
				GCC_C_LANGUAGE_STANDARD = gnu99;
				GCC_DYNAMIC_NO_PIC = NO;
				GCC_NO_COMMON_BLOCKS = YES;
				GCC_OPTIMIZATION_LEVEL = 0;
				GCC_PREPROCESSOR_DEFINITIONS = (
					"DEBUG=1",
					"$(inherited)",
				);
				GCC_WARN_64_TO_32_BIT_CONVERSION = YES;
				GCC_WARN_ABOUT_RETURN_TYPE = YES_ERROR;
				GCC_WARN_UNDECLARED_SELECTOR = YES;
				GCC_WARN_UNINITIALIZED_AUTOS = YES_AGGRESSIVE;
				GCC_WARN_UNUSED_FUNCTION = YES;
				GCC_WARN_UNUSED_VARIABLE = YES;
				IPHONEOS_DEPLOYMENT_TARGET = 10.2;
				MTL_ENABLE_DEBUG_INFO = YES;
				ONLY_ACTIVE_ARCH = YES;
				SDKROOT = iphoneos;
				SWIFT_ACTIVE_COMPILATION_CONDITIONS = DEBUG;
				SWIFT_OPTIMIZATION_LEVEL = "-Onone";
			};
			name = Debug;
		};
		588922181EB78838005E5606 /* Release */ = {
			isa = XCBuildConfiguration;
			buildSettings = {
				ALWAYS_SEARCH_USER_PATHS = NO;
				CLANG_ANALYZER_NONNULL = YES;
				CLANG_CXX_LANGUAGE_STANDARD = "gnu++0x";
				CLANG_CXX_LIBRARY = "libc++";
				CLANG_ENABLE_MODULES = YES;
				CLANG_ENABLE_OBJC_ARC = YES;
				CLANG_WARN_BOOL_CONVERSION = YES;
				CLANG_WARN_CONSTANT_CONVERSION = YES;
				CLANG_WARN_DIRECT_OBJC_ISA_USAGE = YES_ERROR;
				CLANG_WARN_DOCUMENTATION_COMMENTS = YES;
				CLANG_WARN_EMPTY_BODY = YES;
				CLANG_WARN_ENUM_CONVERSION = YES;
				CLANG_WARN_INFINITE_RECURSION = YES;
				CLANG_WARN_INT_CONVERSION = YES;
				CLANG_WARN_OBJC_ROOT_CLASS = YES_ERROR;
				CLANG_WARN_SUSPICIOUS_MOVE = YES;
				CLANG_WARN_UNREACHABLE_CODE = YES;
				CLANG_WARN__DUPLICATE_METHOD_MATCH = YES;
				"CODE_SIGN_IDENTITY[sdk=iphoneos*]" = "iPhone Developer";
				COPY_PHASE_STRIP = NO;
				DEBUG_INFORMATION_FORMAT = "dwarf-with-dsym";
				ENABLE_NS_ASSERTIONS = NO;
				ENABLE_STRICT_OBJC_MSGSEND = YES;
				GCC_C_LANGUAGE_STANDARD = gnu99;
				GCC_NO_COMMON_BLOCKS = YES;
				GCC_WARN_64_TO_32_BIT_CONVERSION = YES;
				GCC_WARN_ABOUT_RETURN_TYPE = YES_ERROR;
				GCC_WARN_UNDECLARED_SELECTOR = YES;
				GCC_WARN_UNINITIALIZED_AUTOS = YES_AGGRESSIVE;
				GCC_WARN_UNUSED_FUNCTION = YES;
				GCC_WARN_UNUSED_VARIABLE = YES;
				IPHONEOS_DEPLOYMENT_TARGET = 10.2;
				MTL_ENABLE_DEBUG_INFO = NO;
				SDKROOT = iphoneos;
				SWIFT_OPTIMIZATION_LEVEL = "-Owholemodule";
				VALIDATE_PRODUCT = YES;
			};
			name = Release;
		};
		5889221A1EB78838005E5606 /* Debug */ = {
			isa = XCBuildConfiguration;
			baseConfigurationReference = 3C5B5F6364397A5EC12CE2C2 /* Pods-Wayaj.debug.xcconfig */;
			buildSettings = {
				ALWAYS_EMBED_SWIFT_STANDARD_LIBRARIES = YES;
				ASSETCATALOG_COMPILER_APPICON_NAME = AppIcon;
				CODE_SIGN_ENTITLEMENTS = Wayaj/Wayaj.entitlements;
				DEVELOPMENT_TEAM = 29C62Z2D26;
				INFOPLIST_FILE = Wayaj/Info.plist;
				IPHONEOS_DEPLOYMENT_TARGET = 10.0;
				LD_RUNPATH_SEARCH_PATHS = "$(inherited) @executable_path/Frameworks";
				PRODUCT_BUNDLE_IDENTIFIER = GRC.Wayaj;
				PRODUCT_NAME = "$(TARGET_NAME)";
				SWIFT_VERSION = 3.0;
			};
			name = Debug;
		};
		5889221B1EB78838005E5606 /* Release */ = {
			isa = XCBuildConfiguration;
			baseConfigurationReference = 5A62239920C4064918F1F749 /* Pods-Wayaj.release.xcconfig */;
			buildSettings = {
				ALWAYS_EMBED_SWIFT_STANDARD_LIBRARIES = YES;
				ASSETCATALOG_COMPILER_APPICON_NAME = AppIcon;
				CODE_SIGN_ENTITLEMENTS = Wayaj/Wayaj.entitlements;
				DEVELOPMENT_TEAM = 29C62Z2D26;
				INFOPLIST_FILE = Wayaj/Info.plist;
				IPHONEOS_DEPLOYMENT_TARGET = 10.0;
				LD_RUNPATH_SEARCH_PATHS = "$(inherited) @executable_path/Frameworks";
				PRODUCT_BUNDLE_IDENTIFIER = GRC.Wayaj;
				PRODUCT_NAME = "$(TARGET_NAME)";
				SWIFT_VERSION = 3.0;
			};
			name = Release;
		};
		5889221D1EB78838005E5606 /* Debug */ = {
			isa = XCBuildConfiguration;
			baseConfigurationReference = 34A207E42F3314F1E12A8D4A /* Pods-WayajTests.debug.xcconfig */;
			buildSettings = {
				ALWAYS_EMBED_SWIFT_STANDARD_LIBRARIES = YES;
				BUNDLE_LOADER = "$(TEST_HOST)";
				DEVELOPMENT_TEAM = 29C62Z2D26;
				INFOPLIST_FILE = WayajTests/Info.plist;
				LD_RUNPATH_SEARCH_PATHS = "$(inherited) @executable_path/Frameworks @loader_path/Frameworks";
				PRODUCT_BUNDLE_IDENTIFIER = GRC.WayajTests;
				PRODUCT_NAME = "$(TARGET_NAME)";
				SWIFT_VERSION = 3.0;
				TEST_HOST = "$(BUILT_PRODUCTS_DIR)/Wayaj.app/Wayaj";
			};
			name = Debug;
		};
		5889221E1EB78838005E5606 /* Release */ = {
			isa = XCBuildConfiguration;
			baseConfigurationReference = 338E94323D7DEC58DAEC8DFA /* Pods-WayajTests.release.xcconfig */;
			buildSettings = {
				ALWAYS_EMBED_SWIFT_STANDARD_LIBRARIES = YES;
				BUNDLE_LOADER = "$(TEST_HOST)";
				DEVELOPMENT_TEAM = 29C62Z2D26;
				INFOPLIST_FILE = WayajTests/Info.plist;
				LD_RUNPATH_SEARCH_PATHS = "$(inherited) @executable_path/Frameworks @loader_path/Frameworks";
				PRODUCT_BUNDLE_IDENTIFIER = GRC.WayajTests;
				PRODUCT_NAME = "$(TARGET_NAME)";
				SWIFT_VERSION = 3.0;
				TEST_HOST = "$(BUILT_PRODUCTS_DIR)/Wayaj.app/Wayaj";
			};
			name = Release;
		};
		588922201EB78838005E5606 /* Debug */ = {
			isa = XCBuildConfiguration;
			baseConfigurationReference = F31F31DEE0A422383AD2EB6F /* Pods-WayajUITests.debug.xcconfig */;
			buildSettings = {
				ALWAYS_EMBED_SWIFT_STANDARD_LIBRARIES = YES;
				DEVELOPMENT_TEAM = 29C62Z2D26;
				INFOPLIST_FILE = WayajUITests/Info.plist;
				LD_RUNPATH_SEARCH_PATHS = "$(inherited) @executable_path/Frameworks @loader_path/Frameworks";
				PRODUCT_BUNDLE_IDENTIFIER = GRC.WayajUITests;
				PRODUCT_NAME = "$(TARGET_NAME)";
				SWIFT_VERSION = 3.0;
				TEST_TARGET_NAME = Wayaj;
			};
			name = Debug;
		};
		588922211EB78838005E5606 /* Release */ = {
			isa = XCBuildConfiguration;
			baseConfigurationReference = 0A488D9653E00D368A7CD102 /* Pods-WayajUITests.release.xcconfig */;
			buildSettings = {
				ALWAYS_EMBED_SWIFT_STANDARD_LIBRARIES = YES;
				DEVELOPMENT_TEAM = 29C62Z2D26;
				INFOPLIST_FILE = WayajUITests/Info.plist;
				LD_RUNPATH_SEARCH_PATHS = "$(inherited) @executable_path/Frameworks @loader_path/Frameworks";
				PRODUCT_BUNDLE_IDENTIFIER = GRC.WayajUITests;
				PRODUCT_NAME = "$(TARGET_NAME)";
				SWIFT_VERSION = 3.0;
				TEST_TARGET_NAME = Wayaj;
			};
			name = Release;
		};
/* End XCBuildConfiguration section */

/* Begin XCConfigurationList section */
		58608F291EDDDFB600A0FDF3 /* Build configuration list for PBXNativeTarget "OneSignalNotificationServiceExtension" */ = {
			isa = XCConfigurationList;
			buildConfigurations = (
				58608F271EDDDFB600A0FDF3 /* Debug */,
				58608F281EDDDFB600A0FDF3 /* Release */,
			);
			defaultConfigurationIsVisible = 0;
			defaultConfigurationName = Release;
		};
		588921EC1EB78837005E5606 /* Build configuration list for PBXProject "Wayaj" */ = {
			isa = XCConfigurationList;
			buildConfigurations = (
				588922171EB78838005E5606 /* Debug */,
				588922181EB78838005E5606 /* Release */,
			);
			defaultConfigurationIsVisible = 0;
			defaultConfigurationName = Release;
		};
		588922191EB78838005E5606 /* Build configuration list for PBXNativeTarget "Wayaj" */ = {
			isa = XCConfigurationList;
			buildConfigurations = (
				5889221A1EB78838005E5606 /* Debug */,
				5889221B1EB78838005E5606 /* Release */,
			);
			defaultConfigurationIsVisible = 0;
			defaultConfigurationName = Release;
		};
		5889221C1EB78838005E5606 /* Build configuration list for PBXNativeTarget "WayajTests" */ = {
			isa = XCConfigurationList;
			buildConfigurations = (
				5889221D1EB78838005E5606 /* Debug */,
				5889221E1EB78838005E5606 /* Release */,
			);
			defaultConfigurationIsVisible = 0;
			defaultConfigurationName = Release;
		};
		5889221F1EB78838005E5606 /* Build configuration list for PBXNativeTarget "WayajUITests" */ = {
			isa = XCConfigurationList;
			buildConfigurations = (
				588922201EB78838005E5606 /* Debug */,
				588922211EB78838005E5606 /* Release */,
			);
			defaultConfigurationIsVisible = 0;
			defaultConfigurationName = Release;
		};
/* End XCConfigurationList section */

/* Begin XCVersionGroup section */
		586BAD971EC1FFF700D792A8 /* Wayaj.xcdatamodeld */ = {
			isa = XCVersionGroup;
			children = (
				586BAD981EC1FFF700D792A8 /* Wayaj.xcdatamodel */,
			);
			currentVersion = 586BAD981EC1FFF700D792A8 /* Wayaj.xcdatamodel */;
			path = Wayaj.xcdatamodeld;
			sourceTree = "<group>";
			versionGroupType = wrapper.xcdatamodel;
		};
/* End XCVersionGroup section */
	};
	rootObject = 588921E91EB78837005E5606 /* Project object */;
}
